// !$*UTF8*$!
{
	archiveVersion = 1;
	classes = {
	};
	objectVersion = 46;
	objects = {

/* Begin PBXBuildFile section */
		31058A1E1607F83900A9AC72 /* UIKit.framework in Frameworks */ = {isa = PBXBuildFile; fileRef = 31058A1D1607F83900A9AC72 /* UIKit.framework */; };
		31058A201607F83900A9AC72 /* Foundation.framework in Frameworks */ = {isa = PBXBuildFile; fileRef = 31058A1F1607F83900A9AC72 /* Foundation.framework */; };
		31058A221607F83900A9AC72 /* CoreGraphics.framework in Frameworks */ = {isa = PBXBuildFile; fileRef = 31058A211607F83900A9AC72 /* CoreGraphics.framework */; };
		31058A281607F83900A9AC72 /* InfoPlist.strings in Resources */ = {isa = PBXBuildFile; fileRef = 31058A261607F83900A9AC72 /* InfoPlist.strings */; };
		31058A2A1607F83900A9AC72 /* main.m in Sources */ = {isa = PBXBuildFile; fileRef = 31058A291607F83900A9AC72 /* main.m */; };
		31058A2E1607F83900A9AC72 /* AppDelegate.m in Sources */ = {isa = PBXBuildFile; fileRef = 31058A2D1607F83900A9AC72 /* AppDelegate.m */; };
		31058A3B1607F83900A9AC72 /* SettingsController.m in Sources */ = {isa = PBXBuildFile; fileRef = 31058A3A1607F83900A9AC72 /* SettingsController.m */; };
		31058A9E16175CFA00A9AC72 /* acgme.png in Resources */ = {isa = PBXBuildFile; fileRef = 31058A7C16175CFA00A9AC72 /* acgme.png */; };
		31058A9F16175CFA00A9AC72 /* acgme2.png in Resources */ = {isa = PBXBuildFile; fileRef = 31058A7D16175CFA00A9AC72 /* acgme2.png */; };
		31058AA016175CFA00A9AC72 /* ACGME_logo.gif in Resources */ = {isa = PBXBuildFile; fileRef = 31058A7E16175CFA00A9AC72 /* ACGME_logo.gif */; };
		31058AA116175CFA00A9AC72 /* address_book.png in Resources */ = {isa = PBXBuildFile; fileRef = 31058A7F16175CFA00A9AC72 /* address_book.png */; };
		31058AA216175CFA00A9AC72 /* aLogo.png in Resources */ = {isa = PBXBuildFile; fileRef = 31058A8016175CFA00A9AC72 /* aLogo.png */; };
		31058AA316175CFA00A9AC72 /* App Sketch.pptx in Resources */ = {isa = PBXBuildFile; fileRef = 31058A8116175CFA00A9AC72 /* App Sketch.pptx */; };
		31058AA416175CFA00A9AC72 /* application_vnd_oasis_opendocument_formula.png in Resources */ = {isa = PBXBuildFile; fileRef = 31058A8216175CFA00A9AC72 /* application_vnd_oasis_opendocument_formula.png */; };
		31058AA516175CFA00A9AC72 /* book.png in Resources */ = {isa = PBXBuildFile; fileRef = 31058A8316175CFA00A9AC72 /* book.png */; };
		31058AA616175CFA00A9AC72 /* calculator.png in Resources */ = {isa = PBXBuildFile; fileRef = 31058A8416175CFA00A9AC72 /* calculator.png */; };
		31058AA716175CFA00A9AC72 /* calendar.png in Resources */ = {isa = PBXBuildFile; fileRef = 31058A8516175CFA00A9AC72 /* calendar.png */; };
		31058AA816175CFA00A9AC72 /* calendar_month.png in Resources */ = {isa = PBXBuildFile; fileRef = 31058A8616175CFA00A9AC72 /* calendar_month.png */; };
		31058AA916175CFA00A9AC72 /* contact.png in Resources */ = {isa = PBXBuildFile; fileRef = 31058A8716175CFA00A9AC72 /* contact.png */; };
		31058AAA16175CFA00A9AC72 /* Default.png in Resources */ = {isa = PBXBuildFile; fileRef = 31058A8816175CFA00A9AC72 /* Default.png */; };
		31058AAB16175CFA00A9AC72 /* formula.png in Resources */ = {isa = PBXBuildFile; fileRef = 31058A8916175CFA00A9AC72 /* formula.png */; };
		31058AAC16175CFA00A9AC72 /* Home Screen.png in Resources */ = {isa = PBXBuildFile; fileRef = 31058A8A16175CFA00A9AC72 /* Home Screen.png */; };
		31058AAD16175CFA00A9AC72 /* iOS Simulator Screen shot Sep 18, 2012 11.05.15 AM (1).png in Resources */ = {isa = PBXBuildFile; fileRef = 31058A8B16175CFA00A9AC72 /* iOS Simulator Screen shot Sep 18, 2012 11.05.15 AM (1).png */; };
		31058AAE16175CFA00A9AC72 /* knife.png in Resources */ = {isa = PBXBuildFile; fileRef = 31058A8C16175CFA00A9AC72 /* knife.png */; };
		31058AAF16175CFA00A9AC72 /* MD_Assistant_Logo.png in Resources */ = {isa = PBXBuildFile; fileRef = 31058A8D16175CFA00A9AC72 /* MD_Assistant_Logo.png */; };
		31058AB016175CFA00A9AC72 /* MR_T_DR.png in Resources */ = {isa = PBXBuildFile; fileRef = 31058A8E16175CFA00A9AC72 /* MR_T_DR.png */; };
		31058AB116175CFA00A9AC72 /* Mr_T_Open.png in Resources */ = {isa = PBXBuildFile; fileRef = 31058A8F16175CFA00A9AC72 /* Mr_T_Open.png */; };
		31058AB216175CFA00A9AC72 /* office_calendar.png in Resources */ = {isa = PBXBuildFile; fileRef = 31058A9016175CFA00A9AC72 /* office_calendar.png */; };
		31058AB316175CFA00A9AC72 /* old_openofficeorg_math.png in Resources */ = {isa = PBXBuildFile; fileRef = 31058A9116175CFA00A9AC72 /* old_openofficeorg_math.png */; };
		31058AB416175CFA00A9AC72 /* pager.png in Resources */ = {isa = PBXBuildFile; fileRef = 31058A9216175CFA00A9AC72 /* pager.png */; };
		31058AB516175CFA00A9AC72 /* pager2.png in Resources */ = {isa = PBXBuildFile; fileRef = 31058A9316175CFA00A9AC72 /* pager2.png */; };
		31058AB616175CFA00A9AC72 /* pager3.png in Resources */ = {isa = PBXBuildFile; fileRef = 31058A9416175CFA00A9AC72 /* pager3.png */; };
		31058AB716175CFA00A9AC72 /* phone 2.png in Resources */ = {isa = PBXBuildFile; fileRef = 31058A9516175CFA00A9AC72 /* phone 2.png */; };
		31058AB816175CFA00A9AC72 /* phone.png in Resources */ = {isa = PBXBuildFile; fileRef = 31058A9616175CFA00A9AC72 /* phone.png */; };
		31058AB916175CFA00A9AC72 /* scalpel.png in Resources */ = {isa = PBXBuildFile; fileRef = 31058A9716175CFA00A9AC72 /* scalpel.png */; };
		31058ABA16175CFA00A9AC72 /* Screen Shot 2012-09-19 at 2.42.39 PM.png in Resources */ = {isa = PBXBuildFile; fileRef = 31058A9816175CFA00A9AC72 /* Screen Shot 2012-09-19 at 2.42.39 PM.png */; };
		31058ABB16175CFA00A9AC72 /* Screen Shot 2012-09-19 at 2.46.27 PM.png in Resources */ = {isa = PBXBuildFile; fileRef = 31058A9916175CFA00A9AC72 /* Screen Shot 2012-09-19 at 2.46.27 PM.png */; };
		31058ABC16175CFA00A9AC72 /* Screen Shot 2012-09-19 at 2.48.39 PM.png in Resources */ = {isa = PBXBuildFile; fileRef = 31058A9A16175CFA00A9AC72 /* Screen Shot 2012-09-19 at 2.48.39 PM.png */; };
		31058ABD16175CFA00A9AC72 /* symbol.png in Resources */ = {isa = PBXBuildFile; fileRef = 31058A9B16175CFA00A9AC72 /* symbol.png */; };
		31058ABE16175CFA00A9AC72 /* symbol_check.png in Resources */ = {isa = PBXBuildFile; fileRef = 31058A9C16175CFA00A9AC72 /* symbol_check.png */; };
		31058ABF16175CFA00A9AC72 /* system_help.png in Resources */ = {isa = PBXBuildFile; fileRef = 31058A9D16175CFA00A9AC72 /* system_help.png */; };
		31122EA71624C4BD0052590F /* ScheduleController.m in Sources */ = {isa = PBXBuildFile; fileRef = 31122EA61624C4BD0052590F /* ScheduleController.m */; };
		314ED6D3162F61E2001A6F01 /* CallController.m in Sources */ = {isa = PBXBuildFile; fileRef = 314ED6D1162F61E2001A6F01 /* CallController.m */; };
		314ED6D7162F96D3001A6F01 /* Resident Handbook.pdf in Resources */ = {isa = PBXBuildFile; fileRef = 314ED6D6162F96D3001A6F01 /* Resident Handbook.pdf */; };
		314ED6D9162F96EC001A6F01 /* Dictation Templates.pdf in Resources */ = {isa = PBXBuildFile; fileRef = 314ED6D8162F96EC001A6F01 /* Dictation Templates.pdf */; };
		314ED6DC1630A2DA001A6F01 /* PagerController.m in Sources */ = {isa = PBXBuildFile; fileRef = 314ED6DB1630A2D9001A6F01 /* PagerController.m */; };
		314ED6E21630ADE5001A6F01 /* HomeController.m in Sources */ = {isa = PBXBuildFile; fileRef = 314ED6E11630ADE5001A6F01 /* HomeController.m */; };
		314ED6E51630B192001A6F01 /* ORController.m in Sources */ = {isa = PBXBuildFile; fileRef = 314ED6E41630B192001A6F01 /* ORController.m */; };
		314ED6E81630B1AC001A6F01 /* CrossCoverController.m in Sources */ = {isa = PBXBuildFile; fileRef = 314ED6E71630B1AC001A6F01 /* CrossCoverController.m */; };
		31A5B70916220E5200B6ECCA /* MainStoryboard.storyboard in Resources */ = {isa = PBXBuildFile; fileRef = 31A5B70716220E5200B6ECCA /* MainStoryboard.storyboard */; };
		31A5B70E1622138600B6ECCA /* settings.png in Resources */ = {isa = PBXBuildFile; fileRef = 31A5B70D1622138600B6ECCA /* settings.png */; };
		31F564D7162228E300D59659 /* PDFViewController.m in Sources */ = {isa = PBXBuildFile; fileRef = 31F564D6162228E300D59659 /* PDFViewController.m */; };
		CE1B916B162F4EF6001E30EC /* Default-568h@2x.png in Resources */ = {isa = PBXBuildFile; fileRef = CE1B916A162F4EF6001E30EC /* Default-568h@2x.png */; };
		CE4A0C92164ED62C00E31225 /* Resident Handbook Links (1).pdf in Resources */ = {isa = PBXBuildFile; fileRef = CE4A0C91164ED62C00E31225 /* Resident Handbook Links (1).pdf */; };
/* End PBXBuildFile section */

/* Begin PBXFileReference section */
		31058A191607F83900A9AC72 /* MDAssistant.app */ = {isa = PBXFileReference; explicitFileType = wrapper.application; includeInIndex = 0; path = MDAssistant.app; sourceTree = BUILT_PRODUCTS_DIR; };
		31058A1D1607F83900A9AC72 /* UIKit.framework */ = {isa = PBXFileReference; lastKnownFileType = wrapper.framework; name = UIKit.framework; path = System/Library/Frameworks/UIKit.framework; sourceTree = SDKROOT; };
		31058A1F1607F83900A9AC72 /* Foundation.framework */ = {isa = PBXFileReference; lastKnownFileType = wrapper.framework; name = Foundation.framework; path = System/Library/Frameworks/Foundation.framework; sourceTree = SDKROOT; };
		31058A211607F83900A9AC72 /* CoreGraphics.framework */ = {isa = PBXFileReference; lastKnownFileType = wrapper.framework; name = CoreGraphics.framework; path = System/Library/Frameworks/CoreGraphics.framework; sourceTree = SDKROOT; };
		31058A251607F83900A9AC72 /* MDAssistant-Info.plist */ = {isa = PBXFileReference; lastKnownFileType = text.plist.xml; path = "MDAssistant-Info.plist"; sourceTree = "<group>"; };
		31058A271607F83900A9AC72 /* en */ = {isa = PBXFileReference; lastKnownFileType = text.plist.strings; name = en; path = en.lproj/InfoPlist.strings; sourceTree = "<group>"; };
		31058A291607F83900A9AC72 /* main.m */ = {isa = PBXFileReference; lastKnownFileType = sourcecode.c.objc; path = main.m; sourceTree = "<group>"; };
		31058A2B1607F83900A9AC72 /* MDAssistant-Prefix.pch */ = {isa = PBXFileReference; lastKnownFileType = sourcecode.c.h; path = "MDAssistant-Prefix.pch"; sourceTree = "<group>"; };
		31058A2C1607F83900A9AC72 /* AppDelegate.h */ = {isa = PBXFileReference; lastKnownFileType = sourcecode.c.h; path = AppDelegate.h; sourceTree = "<group>"; };
		31058A2D1607F83900A9AC72 /* AppDelegate.m */ = {isa = PBXFileReference; lastKnownFileType = sourcecode.c.objc; path = AppDelegate.m; sourceTree = "<group>"; };
		31058A391607F83900A9AC72 /* SettingsController.h */ = {isa = PBXFileReference; lastKnownFileType = sourcecode.c.h; path = SettingsController.h; sourceTree = "<group>"; };
		31058A3A1607F83900A9AC72 /* SettingsController.m */ = {isa = PBXFileReference; lastKnownFileType = sourcecode.c.objc; path = SettingsController.m; sourceTree = "<group>"; };
		31058A7C16175CFA00A9AC72 /* acgme.png */ = {isa = PBXFileReference; lastKnownFileType = image.png; path = acgme.png; sourceTree = "<group>"; };
		31058A7D16175CFA00A9AC72 /* acgme2.png */ = {isa = PBXFileReference; lastKnownFileType = image.png; path = acgme2.png; sourceTree = "<group>"; };
		31058A7E16175CFA00A9AC72 /* ACGME_logo.gif */ = {isa = PBXFileReference; lastKnownFileType = image.gif; path = ACGME_logo.gif; sourceTree = "<group>"; };
		31058A7F16175CFA00A9AC72 /* address_book.png */ = {isa = PBXFileReference; lastKnownFileType = image.png; path = address_book.png; sourceTree = "<group>"; };
		31058A8016175CFA00A9AC72 /* aLogo.png */ = {isa = PBXFileReference; lastKnownFileType = image.png; path = aLogo.png; sourceTree = "<group>"; };
		31058A8116175CFA00A9AC72 /* App Sketch.pptx */ = {isa = PBXFileReference; lastKnownFileType = file; path = "App Sketch.pptx"; sourceTree = "<group>"; };
		31058A8216175CFA00A9AC72 /* application_vnd_oasis_opendocument_formula.png */ = {isa = PBXFileReference; lastKnownFileType = image.png; path = application_vnd_oasis_opendocument_formula.png; sourceTree = "<group>"; };
		31058A8316175CFA00A9AC72 /* book.png */ = {isa = PBXFileReference; lastKnownFileType = image.png; path = book.png; sourceTree = "<group>"; };
		31058A8416175CFA00A9AC72 /* calculator.png */ = {isa = PBXFileReference; lastKnownFileType = image.png; path = calculator.png; sourceTree = "<group>"; };
		31058A8516175CFA00A9AC72 /* calendar.png */ = {isa = PBXFileReference; lastKnownFileType = image.png; path = calendar.png; sourceTree = "<group>"; };
		31058A8616175CFA00A9AC72 /* calendar_month.png */ = {isa = PBXFileReference; lastKnownFileType = image.png; path = calendar_month.png; sourceTree = "<group>"; };
		31058A8716175CFA00A9AC72 /* contact.png */ = {isa = PBXFileReference; lastKnownFileType = image.png; path = contact.png; sourceTree = "<group>"; };
		31058A8816175CFA00A9AC72 /* Default.png */ = {isa = PBXFileReference; lastKnownFileType = image.png; path = Default.png; sourceTree = "<group>"; };
		31058A8916175CFA00A9AC72 /* formula.png */ = {isa = PBXFileReference; lastKnownFileType = image.png; path = formula.png; sourceTree = "<group>"; };
		31058A8A16175CFA00A9AC72 /* Home Screen.png */ = {isa = PBXFileReference; lastKnownFileType = image.png; path = "Home Screen.png"; sourceTree = "<group>"; };
		31058A8B16175CFA00A9AC72 /* iOS Simulator Screen shot Sep 18, 2012 11.05.15 AM (1).png */ = {isa = PBXFileReference; lastKnownFileType = image.png; path = "iOS Simulator Screen shot Sep 18, 2012 11.05.15 AM (1).png"; sourceTree = "<group>"; };
		31058A8C16175CFA00A9AC72 /* knife.png */ = {isa = PBXFileReference; lastKnownFileType = image.png; path = knife.png; sourceTree = "<group>"; };
		31058A8D16175CFA00A9AC72 /* MD_Assistant_Logo.png */ = {isa = PBXFileReference; lastKnownFileType = image.png; path = MD_Assistant_Logo.png; sourceTree = "<group>"; };
		31058A8E16175CFA00A9AC72 /* MR_T_DR.png */ = {isa = PBXFileReference; lastKnownFileType = image.png; path = MR_T_DR.png; sourceTree = "<group>"; };
		31058A8F16175CFA00A9AC72 /* Mr_T_Open.png */ = {isa = PBXFileReference; lastKnownFileType = image.png; path = Mr_T_Open.png; sourceTree = "<group>"; };
		31058A9016175CFA00A9AC72 /* office_calendar.png */ = {isa = PBXFileReference; lastKnownFileType = image.png; path = office_calendar.png; sourceTree = "<group>"; };
		31058A9116175CFA00A9AC72 /* old_openofficeorg_math.png */ = {isa = PBXFileReference; lastKnownFileType = image.png; path = old_openofficeorg_math.png; sourceTree = "<group>"; };
		31058A9216175CFA00A9AC72 /* pager.png */ = {isa = PBXFileReference; lastKnownFileType = image.png; path = pager.png; sourceTree = "<group>"; };
		31058A9316175CFA00A9AC72 /* pager2.png */ = {isa = PBXFileReference; lastKnownFileType = image.png; path = pager2.png; sourceTree = "<group>"; };
		31058A9416175CFA00A9AC72 /* pager3.png */ = {isa = PBXFileReference; lastKnownFileType = image.png; path = pager3.png; sourceTree = "<group>"; };
		31058A9516175CFA00A9AC72 /* phone 2.png */ = {isa = PBXFileReference; lastKnownFileType = image.png; path = "phone 2.png"; sourceTree = "<group>"; };
		31058A9616175CFA00A9AC72 /* phone.png */ = {isa = PBXFileReference; lastKnownFileType = image.png; path = phone.png; sourceTree = "<group>"; };
		31058A9716175CFA00A9AC72 /* scalpel.png */ = {isa = PBXFileReference; lastKnownFileType = image.png; path = scalpel.png; sourceTree = "<group>"; };
		31058A9816175CFA00A9AC72 /* Screen Shot 2012-09-19 at 2.42.39 PM.png */ = {isa = PBXFileReference; lastKnownFileType = image.png; path = "Screen Shot 2012-09-19 at 2.42.39 PM.png"; sourceTree = "<group>"; };
		31058A9916175CFA00A9AC72 /* Screen Shot 2012-09-19 at 2.46.27 PM.png */ = {isa = PBXFileReference; lastKnownFileType = image.png; path = "Screen Shot 2012-09-19 at 2.46.27 PM.png"; sourceTree = "<group>"; };
		31058A9A16175CFA00A9AC72 /* Screen Shot 2012-09-19 at 2.48.39 PM.png */ = {isa = PBXFileReference; lastKnownFileType = image.png; path = "Screen Shot 2012-09-19 at 2.48.39 PM.png"; sourceTree = "<group>"; };
		31058A9B16175CFA00A9AC72 /* symbol.png */ = {isa = PBXFileReference; lastKnownFileType = image.png; path = symbol.png; sourceTree = "<group>"; };
		31058A9C16175CFA00A9AC72 /* symbol_check.png */ = {isa = PBXFileReference; lastKnownFileType = image.png; path = symbol_check.png; sourceTree = "<group>"; };
		31058A9D16175CFA00A9AC72 /* system_help.png */ = {isa = PBXFileReference; lastKnownFileType = image.png; path = system_help.png; sourceTree = "<group>"; };
		31122EA51624C4BD0052590F /* ScheduleController.h */ = {isa = PBXFileReference; fileEncoding = 4; lastKnownFileType = sourcecode.c.h; path = ScheduleController.h; sourceTree = "<group>"; };
		31122EA61624C4BD0052590F /* ScheduleController.m */ = {isa = PBXFileReference; fileEncoding = 4; lastKnownFileType = sourcecode.c.objc; path = ScheduleController.m; sourceTree = "<group>"; };
		314ED6D0162F61E2001A6F01 /* CallController.h */ = {isa = PBXFileReference; fileEncoding = 4; lastKnownFileType = sourcecode.c.h; path = CallController.h; sourceTree = "<group>"; };
		314ED6D1162F61E2001A6F01 /* CallController.m */ = {isa = PBXFileReference; fileEncoding = 4; lastKnownFileType = sourcecode.c.objc; path = CallController.m; sourceTree = "<group>"; };
		314ED6D6162F96D3001A6F01 /* Resident Handbook.pdf */ = {isa = PBXFileReference; lastKnownFileType = image.pdf; path = "Resident Handbook.pdf"; sourceTree = "<group>"; };
		314ED6D8162F96EC001A6F01 /* Dictation Templates.pdf */ = {isa = PBXFileReference; lastKnownFileType = image.pdf; path = "Dictation Templates.pdf"; sourceTree = "<group>"; };
		314ED6DA1630A2D9001A6F01 /* PagerController.h */ = {isa = PBXFileReference; fileEncoding = 4; lastKnownFileType = sourcecode.c.h; path = PagerController.h; sourceTree = "<group>"; };
		314ED6DB1630A2D9001A6F01 /* PagerController.m */ = {isa = PBXFileReference; fileEncoding = 4; lastKnownFileType = sourcecode.c.objc; path = PagerController.m; sourceTree = "<group>"; };
		314ED6E01630ADE5001A6F01 /* HomeController.h */ = {isa = PBXFileReference; fileEncoding = 4; lastKnownFileType = sourcecode.c.h; name = HomeController.h; path = ../HomeController.h; sourceTree = "<group>"; };
		314ED6E11630ADE5001A6F01 /* HomeController.m */ = {isa = PBXFileReference; fileEncoding = 4; lastKnownFileType = sourcecode.c.objc; name = HomeController.m; path = ../HomeController.m; sourceTree = "<group>"; };
		314ED6E31630B191001A6F01 /* ORController.h */ = {isa = PBXFileReference; fileEncoding = 4; lastKnownFileType = sourcecode.c.h; path = ORController.h; sourceTree = "<group>"; };
		314ED6E41630B192001A6F01 /* ORController.m */ = {isa = PBXFileReference; fileEncoding = 4; lastKnownFileType = sourcecode.c.objc; path = ORController.m; sourceTree = "<group>"; };
		314ED6E61630B1AC001A6F01 /* CrossCoverController.h */ = {isa = PBXFileReference; fileEncoding = 4; lastKnownFileType = sourcecode.c.h; path = CrossCoverController.h; sourceTree = "<group>"; };
		314ED6E71630B1AC001A6F01 /* CrossCoverController.m */ = {isa = PBXFileReference; fileEncoding = 4; lastKnownFileType = sourcecode.c.objc; path = CrossCoverController.m; sourceTree = "<group>"; };
		31A5B70816220E5200B6ECCA /* en */ = {isa = PBXFileReference; lastKnownFileType = file.storyboard; name = en; path = MDAssistant/en.lproj/MainStoryboard.storyboard; sourceTree = "<group>"; };
		31A5B70D1622138600B6ECCA /* settings.png */ = {isa = PBXFileReference; lastKnownFileType = image.png; path = settings.png; sourceTree = "<group>"; };
		31F564D5162228E300D59659 /* PDFViewController.h */ = {isa = PBXFileReference; fileEncoding = 4; lastKnownFileType = sourcecode.c.h; path = PDFViewController.h; sourceTree = "<group>"; };
		31F564D6162228E300D59659 /* PDFViewController.m */ = {isa = PBXFileReference; fileEncoding = 4; lastKnownFileType = sourcecode.c.objc; path = PDFViewController.m; sourceTree = "<group>"; };
		CE1B916A162F4EF6001E30EC /* Default-568h@2x.png */ = {isa = PBXFileReference; lastKnownFileType = image.png; path = "Default-568h@2x.png"; sourceTree = "<group>"; };
		CE4A0C91164ED62C00E31225 /* Resident Handbook Links (1).pdf */ = {isa = PBXFileReference; lastKnownFileType = image.pdf; name = "Resident Handbook Links (1).pdf"; path = "../../../Resident Handbook Links (1).pdf"; sourceTree = "<group>"; };
/* End PBXFileReference section */

/* Begin PBXFrameworksBuildPhase section */
		31058A161607F83900A9AC72 /* Frameworks */ = {
			isa = PBXFrameworksBuildPhase;
			buildActionMask = 2147483647;
			files = (
				31058A1E1607F83900A9AC72 /* UIKit.framework in Frameworks */,
				31058A201607F83900A9AC72 /* Foundation.framework in Frameworks */,
				31058A221607F83900A9AC72 /* CoreGraphics.framework in Frameworks */,
			);
			runOnlyForDeploymentPostprocessing = 0;
		};
/* End PBXFrameworksBuildPhase section */

/* Begin PBXGroup section */
		31058A0E1607F83900A9AC72 = {
			isa = PBXGroup;
			children = (
				CE1B916A162F4EF6001E30EC /* Default-568h@2x.png */,
				31058A231607F83900A9AC72 /* MDAssistant */,
				31058A1C1607F83900A9AC72 /* Frameworks */,
				31058A1A1607F83900A9AC72 /* Products */,
			);
			sourceTree = "<group>";
		};
		31058A1A1607F83900A9AC72 /* Products */ = {
			isa = PBXGroup;
			children = (
				31058A191607F83900A9AC72 /* MDAssistant.app */,
			);
			name = Products;
			sourceTree = "<group>";
		};
		31058A1C1607F83900A9AC72 /* Frameworks */ = {
			isa = PBXGroup;
			children = (
				31058A1D1607F83900A9AC72 /* UIKit.framework */,
				31058A1F1607F83900A9AC72 /* Foundation.framework */,
				31058A211607F83900A9AC72 /* CoreGraphics.framework */,
			);
			name = Frameworks;
			sourceTree = "<group>";
		};
		31058A231607F83900A9AC72 /* MDAssistant */ = {
			isa = PBXGroup;
			children = (
				314ED6E01630ADE5001A6F01 /* HomeController.h */,
				314ED6E11630ADE5001A6F01 /* HomeController.m */,
				31A5B70716220E5200B6ECCA /* MainStoryboard.storyboard */,
				314ED6E31630B191001A6F01 /* ORController.h */,
				314ED6E41630B192001A6F01 /* ORController.m */,
				314ED6E61630B1AC001A6F01 /* CrossCoverController.h */,
				314ED6E71630B1AC001A6F01 /* CrossCoverController.m */,
				314ED6DA1630A2D9001A6F01 /* PagerController.h */,
				314ED6DB1630A2D9001A6F01 /* PagerController.m */,
				31122EA51624C4BD0052590F /* ScheduleController.h */,
				31122EA61624C4BD0052590F /* ScheduleController.m */,
				31058A2C1607F83900A9AC72 /* AppDelegate.h */,
				31058A2D1607F83900A9AC72 /* AppDelegate.m */,
				31058A391607F83900A9AC72 /* SettingsController.h */,
				31058A3A1607F83900A9AC72 /* SettingsController.m */,
				31058A7B16175CFA00A9AC72 /* MD_Assistant_Images */,
				31058A241607F83900A9AC72 /* Supporting Files */,
				31F564D5162228E300D59659 /* PDFViewController.h */,
				31F564D6162228E300D59659 /* PDFViewController.m */,
				314ED6D0162F61E2001A6F01 /* CallController.h */,
				314ED6D1162F61E2001A6F01 /* CallController.m */,
			);
			path = MDAssistant;
			sourceTree = "<group>";
		};
		31058A241607F83900A9AC72 /* Supporting Files */ = {
			isa = PBXGroup;
			children = (
				CE4A0C91164ED62C00E31225 /* Resident Handbook Links (1).pdf */,
				314ED6D8162F96EC001A6F01 /* Dictation Templates.pdf */,
				314ED6D6162F96D3001A6F01 /* Resident Handbook.pdf */,
				31058A251607F83900A9AC72 /* MDAssistant-Info.plist */,
				31058A261607F83900A9AC72 /* InfoPlist.strings */,
				31058A291607F83900A9AC72 /* main.m */,
				31058A2B1607F83900A9AC72 /* MDAssistant-Prefix.pch */,
			);
			name = "Supporting Files";
			sourceTree = "<group>";
		};
		31058A7B16175CFA00A9AC72 /* MD_Assistant_Images */ = {
			isa = PBXGroup;
			children = (
				31A5B70D1622138600B6ECCA /* settings.png */,
				31058A7C16175CFA00A9AC72 /* acgme.png */,
				31058A7D16175CFA00A9AC72 /* acgme2.png */,
				31058A7E16175CFA00A9AC72 /* ACGME_logo.gif */,
				31058A7F16175CFA00A9AC72 /* address_book.png */,
				31058A8016175CFA00A9AC72 /* aLogo.png */,
				31058A8116175CFA00A9AC72 /* App Sketch.pptx */,
				31058A8216175CFA00A9AC72 /* application_vnd_oasis_opendocument_formula.png */,
				31058A8316175CFA00A9AC72 /* book.png */,
				31058A8416175CFA00A9AC72 /* calculator.png */,
				31058A8516175CFA00A9AC72 /* calendar.png */,
				31058A8616175CFA00A9AC72 /* calendar_month.png */,
				31058A8716175CFA00A9AC72 /* contact.png */,
				31058A8816175CFA00A9AC72 /* Default.png */,
				31058A8916175CFA00A9AC72 /* formula.png */,
				31058A8A16175CFA00A9AC72 /* Home Screen.png */,
				31058A8B16175CFA00A9AC72 /* iOS Simulator Screen shot Sep 18, 2012 11.05.15 AM (1).png */,
				31058A8C16175CFA00A9AC72 /* knife.png */,
				31058A8D16175CFA00A9AC72 /* MD_Assistant_Logo.png */,
				31058A8E16175CFA00A9AC72 /* MR_T_DR.png */,
				31058A8F16175CFA00A9AC72 /* Mr_T_Open.png */,
				31058A9016175CFA00A9AC72 /* office_calendar.png */,
				31058A9116175CFA00A9AC72 /* old_openofficeorg_math.png */,
				31058A9216175CFA00A9AC72 /* pager.png */,
				31058A9316175CFA00A9AC72 /* pager2.png */,
				31058A9416175CFA00A9AC72 /* pager3.png */,
				31058A9516175CFA00A9AC72 /* phone 2.png */,
				31058A9616175CFA00A9AC72 /* phone.png */,
				31058A9716175CFA00A9AC72 /* scalpel.png */,
				31058A9816175CFA00A9AC72 /* Screen Shot 2012-09-19 at 2.42.39 PM.png */,
				31058A9916175CFA00A9AC72 /* Screen Shot 2012-09-19 at 2.46.27 PM.png */,
				31058A9A16175CFA00A9AC72 /* Screen Shot 2012-09-19 at 2.48.39 PM.png */,
				31058A9B16175CFA00A9AC72 /* symbol.png */,
				31058A9C16175CFA00A9AC72 /* symbol_check.png */,
				31058A9D16175CFA00A9AC72 /* system_help.png */,
			);
			path = MD_Assistant_Images;
			sourceTree = "<group>";
		};
/* End PBXGroup section */

/* Begin PBXNativeTarget section */
		31058A181607F83900A9AC72 /* MDAssistant */ = {
			isa = PBXNativeTarget;
			buildConfigurationList = 31058A421607F83900A9AC72 /* Build configuration list for PBXNativeTarget "MDAssistant" */;
			buildPhases = (
				31058A151607F83900A9AC72 /* Sources */,
				31058A161607F83900A9AC72 /* Frameworks */,
				31058A171607F83900A9AC72 /* Resources */,
			);
			buildRules = (
			);
			dependencies = (
			);
			name = MDAssistant;
			productName = MDAssistant;
			productReference = 31058A191607F83900A9AC72 /* MDAssistant.app */;
			productType = "com.apple.product-type.application";
		};
/* End PBXNativeTarget section */

/* Begin PBXProject section */
		31058A101607F83900A9AC72 /* Project object */ = {
			isa = PBXProject;
			attributes = {
				LastUpgradeCheck = 0440;
				ORGANIZATIONNAME = "guest user";
			};
			buildConfigurationList = 31058A131607F83900A9AC72 /* Build configuration list for PBXProject "MDAssistant" */;
			compatibilityVersion = "Xcode 3.2";
			developmentRegion = English;
			hasScannedForEncodings = 0;
			knownRegions = (
				en,
			);
			mainGroup = 31058A0E1607F83900A9AC72;
			productRefGroup = 31058A1A1607F83900A9AC72 /* Products */;
			projectDirPath = "";
			projectRoot = "";
			targets = (
				31058A181607F83900A9AC72 /* MDAssistant */,
			);
		};
/* End PBXProject section */

/* Begin PBXResourcesBuildPhase section */
		31058A171607F83900A9AC72 /* Resources */ = {
			isa = PBXResourcesBuildPhase;
			buildActionMask = 2147483647;
			files = (
				31058A281607F83900A9AC72 /* InfoPlist.strings in Resources */,
				31058A9E16175CFA00A9AC72 /* acgme.png in Resources */,
				31058A9F16175CFA00A9AC72 /* acgme2.png in Resources */,
				31058AA016175CFA00A9AC72 /* ACGME_logo.gif in Resources */,
				31058AA116175CFA00A9AC72 /* address_book.png in Resources */,
				31058AA216175CFA00A9AC72 /* aLogo.png in Resources */,
				31058AA316175CFA00A9AC72 /* App Sketch.pptx in Resources */,
				31058AA416175CFA00A9AC72 /* application_vnd_oasis_opendocument_formula.png in Resources */,
				31058AA516175CFA00A9AC72 /* book.png in Resources */,
				31058AA616175CFA00A9AC72 /* calculator.png in Resources */,
				31058AA716175CFA00A9AC72 /* calendar.png in Resources */,
				31058AA816175CFA00A9AC72 /* calendar_month.png in Resources */,
				31058AA916175CFA00A9AC72 /* contact.png in Resources */,
				31058AAA16175CFA00A9AC72 /* Default.png in Resources */,
				31058AAB16175CFA00A9AC72 /* formula.png in Resources */,
				31058AAC16175CFA00A9AC72 /* Home Screen.png in Resources */,
				31058AAD16175CFA00A9AC72 /* iOS Simulator Screen shot Sep 18, 2012 11.05.15 AM (1).png in Resources */,
				31058AAE16175CFA00A9AC72 /* knife.png in Resources */,
				31058AAF16175CFA00A9AC72 /* MD_Assistant_Logo.png in Resources */,
				31058AB016175CFA00A9AC72 /* MR_T_DR.png in Resources */,
				31058AB116175CFA00A9AC72 /* Mr_T_Open.png in Resources */,
				31058AB216175CFA00A9AC72 /* office_calendar.png in Resources */,
				31058AB316175CFA00A9AC72 /* old_openofficeorg_math.png in Resources */,
				31058AB416175CFA00A9AC72 /* pager.png in Resources */,
				31058AB516175CFA00A9AC72 /* pager2.png in Resources */,
				31058AB616175CFA00A9AC72 /* pager3.png in Resources */,
				31058AB716175CFA00A9AC72 /* phone 2.png in Resources */,
				31058AB816175CFA00A9AC72 /* phone.png in Resources */,
				31058AB916175CFA00A9AC72 /* scalpel.png in Resources */,
				31058ABA16175CFA00A9AC72 /* Screen Shot 2012-09-19 at 2.42.39 PM.png in Resources */,
				31058ABB16175CFA00A9AC72 /* Screen Shot 2012-09-19 at 2.46.27 PM.png in Resources */,
				31058ABC16175CFA00A9AC72 /* Screen Shot 2012-09-19 at 2.48.39 PM.png in Resources */,
				31058ABD16175CFA00A9AC72 /* symbol.png in Resources */,
				31058ABE16175CFA00A9AC72 /* symbol_check.png in Resources */,
				31058ABF16175CFA00A9AC72 /* system_help.png in Resources */,
				31A5B70916220E5200B6ECCA /* MainStoryboard.storyboard in Resources */,
				31A5B70E1622138600B6ECCA /* settings.png in Resources */,
				CE1B916B162F4EF6001E30EC /* Default-568h@2x.png in Resources */,
				314ED6D7162F96D3001A6F01 /* Resident Handbook.pdf in Resources */,
				314ED6D9162F96EC001A6F01 /* Dictation Templates.pdf in Resources */,
				CE4A0C92164ED62C00E31225 /* Resident Handbook Links (1).pdf in Resources */,
			);
			runOnlyForDeploymentPostprocessing = 0;
		};
/* End PBXResourcesBuildPhase section */

/* Begin PBXSourcesBuildPhase section */
		31058A151607F83900A9AC72 /* Sources */ = {
			isa = PBXSourcesBuildPhase;
			buildActionMask = 2147483647;
			files = (
				31058A2A1607F83900A9AC72 /* main.m in Sources */,
				31058A2E1607F83900A9AC72 /* AppDelegate.m in Sources */,
				31058A3B1607F83900A9AC72 /* SettingsController.m in Sources */,
				31F564D7162228E300D59659 /* PDFViewController.m in Sources */,
				31122EA71624C4BD0052590F /* ScheduleController.m in Sources */,
				314ED6D3162F61E2001A6F01 /* CallController.m in Sources */,
				314ED6DC1630A2DA001A6F01 /* PagerController.m in Sources */,
				314ED6E21630ADE5001A6F01 /* HomeController.m in Sources */,
				314ED6E51630B192001A6F01 /* ORController.m in Sources */,
				314ED6E81630B1AC001A6F01 /* CrossCoverController.m in Sources */,
			);
			runOnlyForDeploymentPostprocessing = 0;
		};
/* End PBXSourcesBuildPhase section */

/* Begin PBXVariantGroup section */
		31058A261607F83900A9AC72 /* InfoPlist.strings */ = {
			isa = PBXVariantGroup;
			children = (
				31058A271607F83900A9AC72 /* en */,
			);
			name = InfoPlist.strings;
			sourceTree = "<group>";
		};
		31A5B70716220E5200B6ECCA /* MainStoryboard.storyboard */ = {
			isa = PBXVariantGroup;
			children = (
				31A5B70816220E5200B6ECCA /* en */,
			);
			name = MainStoryboard.storyboard;
			path = ..;
			sourceTree = "<group>";
		};
/* End PBXVariantGroup section */

/* Begin XCBuildConfiguration section */
		31058A401607F83900A9AC72 /* Debug */ = {
			isa = XCBuildConfiguration;
			buildSettings = {
				ALWAYS_SEARCH_USER_PATHS = NO;
				ARCHS = "$(ARCHS_STANDARD_32_BIT)";
				CLANG_CXX_LANGUAGE_STANDARD = "gnu++0x";
				CLANG_ENABLE_OBJC_ARC = YES;
				CLANG_WARN__DUPLICATE_METHOD_MATCH = YES;
				"CODE_SIGN_IDENTITY[sdk=iphoneos*]" = "iPhone Developer";
				COPY_PHASE_STRIP = NO;
				GCC_C_LANGUAGE_STANDARD = gnu99;
				GCC_DYNAMIC_NO_PIC = NO;
				GCC_OPTIMIZATION_LEVEL = 0;
				GCC_PREPROCESSOR_DEFINITIONS = (
					"DEBUG=1",
					"$(inherited)",
				);
				GCC_SYMBOLS_PRIVATE_EXTERN = NO;
				GCC_VERSION = com.apple.compilers.llvm.clang.1_0;
				GCC_WARN_ABOUT_RETURN_TYPE = YES;
				GCC_WARN_UNINITIALIZED_AUTOS = YES;
				GCC_WARN_UNUSED_VARIABLE = YES;
				IPHONEOS_DEPLOYMENT_TARGET = 5.1;
				SDKROOT = iphoneos;
			};
			name = Debug;
		};
		31058A411607F83900A9AC72 /* Release */ = {
			isa = XCBuildConfiguration;
			buildSettings = {
				ALWAYS_SEARCH_USER_PATHS = NO;
				ARCHS = "$(ARCHS_STANDARD_32_BIT)";
				CLANG_CXX_LANGUAGE_STANDARD = "gnu++0x";
				CLANG_ENABLE_OBJC_ARC = YES;
				CLANG_WARN__DUPLICATE_METHOD_MATCH = YES;
				"CODE_SIGN_IDENTITY[sdk=iphoneos*]" = "iPhone Developer";
				COPY_PHASE_STRIP = YES;
				GCC_C_LANGUAGE_STANDARD = gnu99;
				GCC_VERSION = com.apple.compilers.llvm.clang.1_0;
				GCC_WARN_ABOUT_RETURN_TYPE = YES;
				GCC_WARN_UNINITIALIZED_AUTOS = YES;
				GCC_WARN_UNUSED_VARIABLE = YES;
				IPHONEOS_DEPLOYMENT_TARGET = 5.1;
				OTHER_CFLAGS = "-DNS_BLOCK_ASSERTIONS=1";
				SDKROOT = iphoneos;
				VALIDATE_PRODUCT = YES;
			};
			name = Release;
		};
		31058A431607F83900A9AC72 /* Debug */ = {
			isa = XCBuildConfiguration;
			buildSettings = {
				GCC_PRECOMPILE_PREFIX_HEADER = YES;
				GCC_PREFIX_HEADER = "MDAssistant/MDAssistant-Prefix.pch";
				INFOPLIST_FILE = "MDAssistant/MDAssistant-Info.plist";
				PRODUCT_NAME = "$(TARGET_NAME)";
				WRAPPER_EXTENSION = app;
			};
			name = Debug;
		};
		31058A441607F83900A9AC72 /* Release */ = {
			isa = XCBuildConfiguration;
			buildSettings = {
				GCC_PRECOMPILE_PREFIX_HEADER = YES;
				GCC_PREFIX_HEADER = "MDAssistant/MDAssistant-Prefix.pch";
				INFOPLIST_FILE = "MDAssistant/MDAssistant-Info.plist";
				PRODUCT_NAME = "$(TARGET_NAME)";
				WRAPPER_EXTENSION = app;
			};
			name = Release;
		};
/* End XCBuildConfiguration section */

/* Begin XCConfigurationList section */
		31058A131607F83900A9AC72 /* Build configuration list for PBXProject "MDAssistant" */ = {
			isa = XCConfigurationList;
			buildConfigurations = (
				31058A401607F83900A9AC72 /* Debug */,
				31058A411607F83900A9AC72 /* Release */,
			);
			defaultConfigurationIsVisible = 0;
			defaultConfigurationName = Release;
		};
		31058A421607F83900A9AC72 /* Build configuration list for PBXNativeTarget "MDAssistant" */ = {
			isa = XCConfigurationList;
			buildConfigurations = (
				31058A431607F83900A9AC72 /* Debug */,
				31058A441607F83900A9AC72 /* Release */,
			);
			defaultConfigurationIsVisible = 0;
			defaultConfigurationName = Release;
		};
/* End XCConfigurationList section */
	};
	rootObject = 31058A101607F83900A9AC72 /* Project object */;
}
