// !$*UTF8*$!
{
	archiveVersion = 1;
	classes = {
	};
	objectVersion = 46;
	objects = {

/* Begin PBXBuildFile section */
		31058A1E1607F83900A9AC72 /* UIKit.framework in Frameworks */ = {isa = PBXBuildFile; fileRef = 31058A1D1607F83900A9AC72 /* UIKit.framework */; };
		31058A201607F83900A9AC72 /* Foundation.framework in Frameworks */ = {isa = PBXBuildFile; fileRef = 31058A1F1607F83900A9AC72 /* Foundation.framework */; };
		31058A221607F83900A9AC72 /* CoreGraphics.framework in Frameworks */ = {isa = PBXBuildFile; fileRef = 31058A211607F83900A9AC72 /* CoreGraphics.framework */; };
		31058A281607F83900A9AC72 /* InfoPlist.strings in Resources */ = {isa = PBXBuildFile; fileRef = 31058A261607F83900A9AC72 /* InfoPlist.strings */; };
		31058A2A1607F83900A9AC72 /* main.m in Sources */ = {isa = PBXBuildFile; fileRef = 31058A291607F83900A9AC72 /* main.m */; };
		31058A2E1607F83900A9AC72 /* AppDelegate.m in Sources */ = {isa = PBXBuildFile; fileRef = 31058A2D1607F83900A9AC72 /* AppDelegate.m */; };
		31058A3B1607F83900A9AC72 /* SettingsController.m in Sources */ = {isa = PBXBuildFile; fileRef = 31058A3A1607F83900A9AC72 /* SettingsController.m */; };
		31058AA116175CFA00A9AC72 /* address_book.png in Resources */ = {isa = PBXBuildFile; fileRef = 31058A7F16175CFA00A9AC72 /* address_book.png */; };
		31058AA416175CFA00A9AC72 /* application_vnd_oasis_opendocument_formula.png in Resources */ = {isa = PBXBuildFile; fileRef = 31058A8216175CFA00A9AC72 /* application_vnd_oasis_opendocument_formula.png */; };
		31058AA516175CFA00A9AC72 /* book.png in Resources */ = {isa = PBXBuildFile; fileRef = 31058A8316175CFA00A9AC72 /* book.png */; };
		31058AA616175CFA00A9AC72 /* calculator.png in Resources */ = {isa = PBXBuildFile; fileRef = 31058A8416175CFA00A9AC72 /* calculator.png */; };
		31058AA716175CFA00A9AC72 /* calendar.png in Resources */ = {isa = PBXBuildFile; fileRef = 31058A8516175CFA00A9AC72 /* calendar.png */; };
		31058AA816175CFA00A9AC72 /* calendar_month.png in Resources */ = {isa = PBXBuildFile; fileRef = 31058A8616175CFA00A9AC72 /* calendar_month.png */; };
		31058AA916175CFA00A9AC72 /* contact.png in Resources */ = {isa = PBXBuildFile; fileRef = 31058A8716175CFA00A9AC72 /* contact.png */; };
		31058AAB16175CFA00A9AC72 /* formula.png in Resources */ = {isa = PBXBuildFile; fileRef = 31058A8916175CFA00A9AC72 /* formula.png */; };
		31058AAE16175CFA00A9AC72 /* knife.png in Resources */ = {isa = PBXBuildFile; fileRef = 31058A8C16175CFA00A9AC72 /* knife.png */; };
		31058AAF16175CFA00A9AC72 /* MD_Assistant_Logo.png in Resources */ = {isa = PBXBuildFile; fileRef = 31058A8D16175CFA00A9AC72 /* MD_Assistant_Logo.png */; };
		31058AB216175CFA00A9AC72 /* office_calendar.png in Resources */ = {isa = PBXBuildFile; fileRef = 31058A9016175CFA00A9AC72 /* office_calendar.png */; };
		31058AB416175CFA00A9AC72 /* pager.png in Resources */ = {isa = PBXBuildFile; fileRef = 31058A9216175CFA00A9AC72 /* pager.png */; };
		31058AB516175CFA00A9AC72 /* pager2.png in Resources */ = {isa = PBXBuildFile; fileRef = 31058A9316175CFA00A9AC72 /* pager2.png */; };
		31058AB616175CFA00A9AC72 /* pager3.png in Resources */ = {isa = PBXBuildFile; fileRef = 31058A9416175CFA00A9AC72 /* pager3.png */; };
		31058AB716175CFA00A9AC72 /* phone 2.png in Resources */ = {isa = PBXBuildFile; fileRef = 31058A9516175CFA00A9AC72 /* phone 2.png */; };
		31058AB816175CFA00A9AC72 /* phone.png in Resources */ = {isa = PBXBuildFile; fileRef = 31058A9616175CFA00A9AC72 /* phone.png */; };
		31058AB916175CFA00A9AC72 /* scalpel.png in Resources */ = {isa = PBXBuildFile; fileRef = 31058A9716175CFA00A9AC72 /* scalpel.png */; };
		31058ABA16175CFA00A9AC72 /* Screen Shot 2012-09-19 at 2.42.39 PM.png in Resources */ = {isa = PBXBuildFile; fileRef = 31058A9816175CFA00A9AC72 /* Screen Shot 2012-09-19 at 2.42.39 PM.png */; };
		31058ABB16175CFA00A9AC72 /* Screen Shot 2012-09-19 at 2.46.27 PM.png in Resources */ = {isa = PBXBuildFile; fileRef = 31058A9916175CFA00A9AC72 /* Screen Shot 2012-09-19 at 2.46.27 PM.png */; };
		31058ABC16175CFA00A9AC72 /* Screen Shot 2012-09-19 at 2.48.39 PM.png in Resources */ = {isa = PBXBuildFile; fileRef = 31058A9A16175CFA00A9AC72 /* Screen Shot 2012-09-19 at 2.48.39 PM.png */; };
		31058ABD16175CFA00A9AC72 /* symbol.png in Resources */ = {isa = PBXBuildFile; fileRef = 31058A9B16175CFA00A9AC72 /* symbol.png */; };
		31058ABE16175CFA00A9AC72 /* symbol_check.png in Resources */ = {isa = PBXBuildFile; fileRef = 31058A9C16175CFA00A9AC72 /* symbol_check.png */; };
		31058ABF16175CFA00A9AC72 /* system_help.png in Resources */ = {isa = PBXBuildFile; fileRef = 31058A9D16175CFA00A9AC72 /* system_help.png */; };
		31122EA71624C4BD0052590F /* ScheduleController.m in Sources */ = {isa = PBXBuildFile; fileRef = 31122EA61624C4BD0052590F /* ScheduleController.m */; };
		312176431654417600EC2B7A /* Abdominal Myomectomy.pdf in Resources */ = {isa = PBXBuildFile; fileRef = 312176261654417600EC2B7A /* Abdominal Myomectomy.pdf */; };
		312176441654417600EC2B7A /* BETA BOOK CONSULTATON REPORT.pdf in Resources */ = {isa = PBXBuildFile; fileRef = 312176271654417600EC2B7A /* BETA BOOK CONSULTATON REPORT.pdf */; };
		312176451654417600EC2B7A /* Cold Knife Cone and Skinning Vulvectomy.pdf in Resources */ = {isa = PBXBuildFile; fileRef = 312176281654417600EC2B7A /* Cold Knife Cone and Skinning Vulvectomy.pdf */; };
		312176461654417600EC2B7A /* Cold Knife Conization.pdf in Resources */ = {isa = PBXBuildFile; fileRef = 312176291654417600EC2B7A /* Cold Knife Conization.pdf */; };
		312176471654417600EC2B7A /* Diagnostic Laparoscopy for Ectopic Pregnancy.pdf in Resources */ = {isa = PBXBuildFile; fileRef = 3121762A1654417600EC2B7A /* Diagnostic Laparoscopy for Ectopic Pregnancy.pdf */; };
		312176481654417600EC2B7A /* Discharge Summary.pdf in Resources */ = {isa = PBXBuildFile; fileRef = 3121762B1654417600EC2B7A /* Discharge Summary.pdf */; };
		312176491654417600EC2B7A /* Essure.pdf in Resources */ = {isa = PBXBuildFile; fileRef = 3121762C1654417600EC2B7A /* Essure.pdf */; };
		3121764A1654417600EC2B7A /* Hydrothermal Ablation.pdf in Resources */ = {isa = PBXBuildFile; fileRef = 3121762D1654417600EC2B7A /* Hydrothermal Ablation.pdf */; };
		3121764B1654417600EC2B7A /* Hysteroscopy Dilation and Curettage.pdf in Resources */ = {isa = PBXBuildFile; fileRef = 3121762E1654417600EC2B7A /* Hysteroscopy Dilation and Curettage.pdf */; };
		3121764C1654417600EC2B7A /* Laparoscopic BTL.pdf in Resources */ = {isa = PBXBuildFile; fileRef = 3121762F1654417600EC2B7A /* Laparoscopic BTL.pdf */; };
		3121764D1654417600EC2B7A /* LEEP.pdf in Resources */ = {isa = PBXBuildFile; fileRef = 312176301654417600EC2B7A /* LEEP.pdf */; };
		3121764E1654417600EC2B7A /* Partial Vulvectomy.pdf in Resources */ = {isa = PBXBuildFile; fileRef = 312176311654417600EC2B7A /* Partial Vulvectomy.pdf */; };
		312176501654417600EC2B7A /* Sentinel Node Dissection.pdf in Resources */ = {isa = PBXBuildFile; fileRef = 312176331654417600EC2B7A /* Sentinel Node Dissection.pdf */; };
		312176511654417600EC2B7A /* Suction Dilation and Curettage.pdf in Resources */ = {isa = PBXBuildFile; fileRef = 312176341654417600EC2B7A /* Suction Dilation and Curettage.pdf */; };
		312176531654417600EC2B7A /* Total Laparoscopic Hysterectomy.pdf in Resources */ = {isa = PBXBuildFile; fileRef = 312176361654417600EC2B7A /* Total Laparoscopic Hysterectomy.pdf */; };
		312176541654417600EC2B7A /* Total Vaginal Hysterectomy.pdf in Resources */ = {isa = PBXBuildFile; fileRef = 312176371654417600EC2B7A /* Total Vaginal Hysterectomy.pdf */; };
		312176551654417600EC2B7A /* Cesarean Section.pdf in Resources */ = {isa = PBXBuildFile; fileRef = 312176391654417600EC2B7A /* Cesarean Section.pdf */; };
		312176561654417600EC2B7A /* Dilation and Evacuation.pdf in Resources */ = {isa = PBXBuildFile; fileRef = 3121763A1654417600EC2B7A /* Dilation and Evacuation.pdf */; };
		312176571654417600EC2B7A /* McDonald Cerclage.pdf in Resources */ = {isa = PBXBuildFile; fileRef = 3121763B1654417600EC2B7A /* McDonald Cerclage.pdf */; };
		312176581654417600EC2B7A /* Post Partum BTL.pdf in Resources */ = {isa = PBXBuildFile; fileRef = 3121763C1654417600EC2B7A /* Post Partum BTL.pdf */; };
		312176591654417600EC2B7A /* Anterior and Posterior Colporrhaphy.pdf in Resources */ = {isa = PBXBuildFile; fileRef = 3121763E1654417600EC2B7A /* Anterior and Posterior Colporrhaphy.pdf */; };
		3121765A1654417600EC2B7A /* Anterior colporrhaphy and Cystourethroscopy.pdf in Resources */ = {isa = PBXBuildFile; fileRef = 3121763F1654417600EC2B7A /* Anterior colporrhaphy and Cystourethroscopy.pdf */; };
		3121765B1654417600EC2B7A /* Anterior Colporrhaphy and Midurethral Sling.pdf in Resources */ = {isa = PBXBuildFile; fileRef = 312176401654417600EC2B7A /* Anterior Colporrhaphy and Midurethral Sling.pdf */; };
		3121765C1654417600EC2B7A /* Anterior colporrhaphy midurethral sling with Bard ALIGN and cystourethroscopy.pdf in Resources */ = {isa = PBXBuildFile; fileRef = 312176411654417600EC2B7A /* Anterior colporrhaphy midurethral sling with Bard ALIGN and cystourethroscopy.pdf */; };
		3121765D1654417600EC2B7A /* Bard Align midurethral mesh sling and cystourethroscopy.pdf in Resources */ = {isa = PBXBuildFile; fileRef = 312176421654417600EC2B7A /* Bard Align midurethral mesh sling and cystourethroscopy.pdf */; };
		3121765F1654423900EC2B7A /* Robotic Assisted TLH|BSO.pdf in Resources */ = {isa = PBXBuildFile; fileRef = 3121765E1654423900EC2B7A /* Robotic Assisted TLH|BSO.pdf */; };
		312176611654426800EC2B7A /* TAH and TAH|BSO.pdf in Resources */ = {isa = PBXBuildFile; fileRef = 312176601654426800EC2B7A /* TAH and TAH|BSO.pdf */; };
		3131F0FF1652F9A900177DB9 /* DictationTemplatesController.m in Sources */ = {isa = PBXBuildFile; fileRef = 3131F0FE1652F9A900177DB9 /* DictationTemplatesController.m */; };
		3131F1021652FB9800177DB9 /* DTSectionController.m in Sources */ = {isa = PBXBuildFile; fileRef = 3131F1011652FB9800177DB9 /* DTSectionController.m */; };
		3131F141165335D200177DB9 /* ContactsController.m in Sources */ = {isa = PBXBuildFile; fileRef = 3131F140165335D100177DB9 /* ContactsController.m */; };
		314ED6D3162F61E2001A6F01 /* CallController.m in Sources */ = {isa = PBXBuildFile; fileRef = 314ED6D1162F61E2001A6F01 /* CallController.m */; };
		314ED6DC1630A2DA001A6F01 /* PagerController.m in Sources */ = {isa = PBXBuildFile; fileRef = 314ED6DB1630A2D9001A6F01 /* PagerController.m */; };
		314ED6E21630ADE5001A6F01 /* HomeController.m in Sources */ = {isa = PBXBuildFile; fileRef = 314ED6E11630ADE5001A6F01 /* HomeController.m */; };
		314ED6E51630B192001A6F01 /* ORController.m in Sources */ = {isa = PBXBuildFile; fileRef = 314ED6E41630B192001A6F01 /* ORController.m */; };
		314ED6E81630B1AC001A6F01 /* CrossCoverController.m in Sources */ = {isa = PBXBuildFile; fileRef = 314ED6E71630B1AC001A6F01 /* CrossCoverController.m */; };
		3175560D1659B1AA00147685 /* MainStoryboard.storyboard in Resources */ = {isa = PBXBuildFile; fileRef = 3175560B1659B1AA00147685 /* MainStoryboard.storyboard */; };
		3175560F1659BF0D00147685 /* Resident Handbook Final3.pdf in Resources */ = {isa = PBXBuildFile; fileRef = 3175560E1659BF0D00147685 /* Resident Handbook Final3.pdf */; };
		31A5B70E1622138600B6ECCA /* settings.png in Resources */ = {isa = PBXBuildFile; fileRef = 31A5B70D1622138600B6ECCA /* settings.png */; };
		31F564D7162228E300D59659 /* PDFViewController.m in Sources */ = {isa = PBXBuildFile; fileRef = 31F564D6162228E300D59659 /* PDFViewController.m */; };
		86D9FF6B1659B43700A02B88 /* book2.png in Resources */ = {isa = PBXBuildFile; fileRef = 312175E31653FDEC00EC2B7A /* book2.png */; };
		86D9FF6C1659B43B00A02B88 /* mic.png in Resources */ = {isa = PBXBuildFile; fileRef = 312175E11653FDDB00EC2B7A /* mic.png */; };
		86D9FF6D1659B45500A02B88 /* Resident Handbook Final2.pdf in Resources */ = {isa = PBXBuildFile; fileRef = 312176621654439400EC2B7A /* Resident Handbook Final2.pdf */; };
		86D9FF711659BD0E00A02B88 /* Resident Handbook Final3.pdf in Resources */ = {isa = PBXBuildFile; fileRef = 86D9FF701659BD0D00A02B88 /* Resident Handbook Final3.pdf */; };
		CE840AFB165444A600E1C240 /* Default.png in Resources */ = {isa = PBXBuildFile; fileRef = 3131F103165301C900177DB9 /* Default.png */; };
		CE840AFE1654453200E1C240 /* Default-568h@2x.png in Resources */ = {isa = PBXBuildFile; fileRef = CE840AFD1654453200E1C240 /* Default-568h@2x.png */; };
		CED012E71654043B00F0B059 /* (null) in Resources */ = {isa = PBXBuildFile; };
		CED012E91654043F00F0B059 /* (null) in Resources */ = {isa = PBXBuildFile; };
/* End PBXBuildFile section */

/* Begin PBXFileReference section */
		31058A191607F83900A9AC72 /* MDAssistant.app */ = {isa = PBXFileReference; explicitFileType = wrapper.application; includeInIndex = 0; path = MDAssistant.app; sourceTree = BUILT_PRODUCTS_DIR; };
		31058A1D1607F83900A9AC72 /* UIKit.framework */ = {isa = PBXFileReference; lastKnownFileType = wrapper.framework; name = UIKit.framework; path = System/Library/Frameworks/UIKit.framework; sourceTree = SDKROOT; };
		31058A1F1607F83900A9AC72 /* Foundation.framework */ = {isa = PBXFileReference; lastKnownFileType = wrapper.framework; name = Foundation.framework; path = System/Library/Frameworks/Foundation.framework; sourceTree = SDKROOT; };
		31058A211607F83900A9AC72 /* CoreGraphics.framework */ = {isa = PBXFileReference; lastKnownFileType = wrapper.framework; name = CoreGraphics.framework; path = System/Library/Frameworks/CoreGraphics.framework; sourceTree = SDKROOT; };
		31058A251607F83900A9AC72 /* MDAssistant-Info.plist */ = {isa = PBXFileReference; lastKnownFileType = text.plist.xml; path = "MDAssistant-Info.plist"; sourceTree = "<group>"; };
		31058A271607F83900A9AC72 /* en */ = {isa = PBXFileReference; lastKnownFileType = text.plist.strings; name = en; path = en.lproj/InfoPlist.strings; sourceTree = "<group>"; };
		31058A291607F83900A9AC72 /* main.m */ = {isa = PBXFileReference; lastKnownFileType = sourcecode.c.objc; path = main.m; sourceTree = "<group>"; };
		31058A2B1607F83900A9AC72 /* MDAssistant-Prefix.pch */ = {isa = PBXFileReference; lastKnownFileType = sourcecode.c.h; path = "MDAssistant-Prefix.pch"; sourceTree = "<group>"; };
		31058A2C1607F83900A9AC72 /* AppDelegate.h */ = {isa = PBXFileReference; lastKnownFileType = sourcecode.c.h; path = AppDelegate.h; sourceTree = "<group>"; };
		31058A2D1607F83900A9AC72 /* AppDelegate.m */ = {isa = PBXFileReference; lastKnownFileType = sourcecode.c.objc; path = AppDelegate.m; sourceTree = "<group>"; };
		31058A391607F83900A9AC72 /* SettingsController.h */ = {isa = PBXFileReference; lastKnownFileType = sourcecode.c.h; path = SettingsController.h; sourceTree = "<group>"; };
		31058A3A1607F83900A9AC72 /* SettingsController.m */ = {isa = PBXFileReference; lastKnownFileType = sourcecode.c.objc; path = SettingsController.m; sourceTree = "<group>"; };
		31058A7F16175CFA00A9AC72 /* address_book.png */ = {isa = PBXFileReference; lastKnownFileType = image.png; path = address_book.png; sourceTree = "<group>"; };
		31058A8216175CFA00A9AC72 /* application_vnd_oasis_opendocument_formula.png */ = {isa = PBXFileReference; lastKnownFileType = image.png; path = application_vnd_oasis_opendocument_formula.png; sourceTree = "<group>"; };
		31058A8316175CFA00A9AC72 /* book.png */ = {isa = PBXFileReference; lastKnownFileType = image.png; path = book.png; sourceTree = "<group>"; };
		31058A8416175CFA00A9AC72 /* calculator.png */ = {isa = PBXFileReference; lastKnownFileType = image.png; path = calculator.png; sourceTree = "<group>"; };
		31058A8516175CFA00A9AC72 /* calendar.png */ = {isa = PBXFileReference; lastKnownFileType = image.png; path = calendar.png; sourceTree = "<group>"; };
		31058A8616175CFA00A9AC72 /* calendar_month.png */ = {isa = PBXFileReference; lastKnownFileType = image.png; path = calendar_month.png; sourceTree = "<group>"; };
		31058A8716175CFA00A9AC72 /* contact.png */ = {isa = PBXFileReference; lastKnownFileType = image.png; path = contact.png; sourceTree = "<group>"; };
		31058A8916175CFA00A9AC72 /* formula.png */ = {isa = PBXFileReference; lastKnownFileType = image.png; path = formula.png; sourceTree = "<group>"; };
		31058A8C16175CFA00A9AC72 /* knife.png */ = {isa = PBXFileReference; lastKnownFileType = image.png; path = knife.png; sourceTree = "<group>"; };
		31058A8D16175CFA00A9AC72 /* MD_Assistant_Logo.png */ = {isa = PBXFileReference; lastKnownFileType = image.png; path = MD_Assistant_Logo.png; sourceTree = "<group>"; };
		31058A9016175CFA00A9AC72 /* office_calendar.png */ = {isa = PBXFileReference; lastKnownFileType = image.png; path = office_calendar.png; sourceTree = "<group>"; };
		31058A9216175CFA00A9AC72 /* pager.png */ = {isa = PBXFileReference; lastKnownFileType = image.png; path = pager.png; sourceTree = "<group>"; };
		31058A9316175CFA00A9AC72 /* pager2.png */ = {isa = PBXFileReference; lastKnownFileType = image.png; path = pager2.png; sourceTree = "<group>"; };
		31058A9416175CFA00A9AC72 /* pager3.png */ = {isa = PBXFileReference; lastKnownFileType = image.png; path = pager3.png; sourceTree = "<group>"; };
		31058A9516175CFA00A9AC72 /* phone 2.png */ = {isa = PBXFileReference; lastKnownFileType = image.png; path = "phone 2.png"; sourceTree = "<group>"; };
		31058A9616175CFA00A9AC72 /* phone.png */ = {isa = PBXFileReference; lastKnownFileType = image.png; path = phone.png; sourceTree = "<group>"; };
		31058A9716175CFA00A9AC72 /* scalpel.png */ = {isa = PBXFileReference; lastKnownFileType = image.png; path = scalpel.png; sourceTree = "<group>"; };
		31058A9816175CFA00A9AC72 /* Screen Shot 2012-09-19 at 2.42.39 PM.png */ = {isa = PBXFileReference; lastKnownFileType = image.png; path = "Screen Shot 2012-09-19 at 2.42.39 PM.png"; sourceTree = "<group>"; };
		31058A9916175CFA00A9AC72 /* Screen Shot 2012-09-19 at 2.46.27 PM.png */ = {isa = PBXFileReference; lastKnownFileType = image.png; path = "Screen Shot 2012-09-19 at 2.46.27 PM.png"; sourceTree = "<group>"; };
		31058A9A16175CFA00A9AC72 /* Screen Shot 2012-09-19 at 2.48.39 PM.png */ = {isa = PBXFileReference; lastKnownFileType = image.png; path = "Screen Shot 2012-09-19 at 2.48.39 PM.png"; sourceTree = "<group>"; };
		31058A9B16175CFA00A9AC72 /* symbol.png */ = {isa = PBXFileReference; lastKnownFileType = image.png; path = symbol.png; sourceTree = "<group>"; };
		31058A9C16175CFA00A9AC72 /* symbol_check.png */ = {isa = PBXFileReference; lastKnownFileType = image.png; path = symbol_check.png; sourceTree = "<group>"; };
		31058A9D16175CFA00A9AC72 /* system_help.png */ = {isa = PBXFileReference; lastKnownFileType = image.png; path = system_help.png; sourceTree = "<group>"; };
		31122EA51624C4BD0052590F /* ScheduleController.h */ = {isa = PBXFileReference; fileEncoding = 4; lastKnownFileType = sourcecode.c.h; path = ScheduleController.h; sourceTree = "<group>"; };
		31122EA61624C4BD0052590F /* ScheduleController.m */ = {isa = PBXFileReference; fileEncoding = 4; lastKnownFileType = sourcecode.c.objc; path = ScheduleController.m; sourceTree = "<group>"; };
		312175E11653FDDB00EC2B7A /* mic.png */ = {isa = PBXFileReference; lastKnownFileType = image.png; path = mic.png; sourceTree = "<group>"; };
		312175E31653FDEC00EC2B7A /* book2.png */ = {isa = PBXFileReference; lastKnownFileType = image.png; path = book2.png; sourceTree = "<group>"; };
		312176261654417600EC2B7A /* Abdominal Myomectomy.pdf */ = {isa = PBXFileReference; lastKnownFileType = image.pdf; path = "Abdominal Myomectomy.pdf"; sourceTree = "<group>"; };
		312176271654417600EC2B7A /* BETA BOOK CONSULTATON REPORT.pdf */ = {isa = PBXFileReference; lastKnownFileType = image.pdf; path = "BETA BOOK CONSULTATON REPORT.pdf"; sourceTree = "<group>"; };
		312176281654417600EC2B7A /* Cold Knife Cone and Skinning Vulvectomy.pdf */ = {isa = PBXFileReference; lastKnownFileType = image.pdf; path = "Cold Knife Cone and Skinning Vulvectomy.pdf"; sourceTree = "<group>"; };
		312176291654417600EC2B7A /* Cold Knife Conization.pdf */ = {isa = PBXFileReference; lastKnownFileType = image.pdf; path = "Cold Knife Conization.pdf"; sourceTree = "<group>"; };
		3121762A1654417600EC2B7A /* Diagnostic Laparoscopy for Ectopic Pregnancy.pdf */ = {isa = PBXFileReference; lastKnownFileType = image.pdf; path = "Diagnostic Laparoscopy for Ectopic Pregnancy.pdf"; sourceTree = "<group>"; };
		3121762B1654417600EC2B7A /* Discharge Summary.pdf */ = {isa = PBXFileReference; lastKnownFileType = image.pdf; path = "Discharge Summary.pdf"; sourceTree = "<group>"; };
		3121762C1654417600EC2B7A /* Essure.pdf */ = {isa = PBXFileReference; lastKnownFileType = image.pdf; path = Essure.pdf; sourceTree = "<group>"; };
		3121762D1654417600EC2B7A /* Hydrothermal Ablation.pdf */ = {isa = PBXFileReference; lastKnownFileType = image.pdf; path = "Hydrothermal Ablation.pdf"; sourceTree = "<group>"; };
		3121762E1654417600EC2B7A /* Hysteroscopy Dilation and Curettage.pdf */ = {isa = PBXFileReference; lastKnownFileType = image.pdf; path = "Hysteroscopy Dilation and Curettage.pdf"; sourceTree = "<group>"; };
		3121762F1654417600EC2B7A /* Laparoscopic BTL.pdf */ = {isa = PBXFileReference; lastKnownFileType = image.pdf; path = "Laparoscopic BTL.pdf"; sourceTree = "<group>"; };
		312176301654417600EC2B7A /* LEEP.pdf */ = {isa = PBXFileReference; lastKnownFileType = image.pdf; path = LEEP.pdf; sourceTree = "<group>"; };
		312176311654417600EC2B7A /* Partial Vulvectomy.pdf */ = {isa = PBXFileReference; lastKnownFileType = image.pdf; path = "Partial Vulvectomy.pdf"; sourceTree = "<group>"; };
		312176331654417600EC2B7A /* Sentinel Node Dissection.pdf */ = {isa = PBXFileReference; lastKnownFileType = image.pdf; path = "Sentinel Node Dissection.pdf"; sourceTree = "<group>"; };
		312176341654417600EC2B7A /* Suction Dilation and Curettage.pdf */ = {isa = PBXFileReference; lastKnownFileType = image.pdf; path = "Suction Dilation and Curettage.pdf"; sourceTree = "<group>"; };
		312176361654417600EC2B7A /* Total Laparoscopic Hysterectomy.pdf */ = {isa = PBXFileReference; lastKnownFileType = image.pdf; path = "Total Laparoscopic Hysterectomy.pdf"; sourceTree = "<group>"; };
		312176371654417600EC2B7A /* Total Vaginal Hysterectomy.pdf */ = {isa = PBXFileReference; lastKnownFileType = image.pdf; path = "Total Vaginal Hysterectomy.pdf"; sourceTree = "<group>"; };
		312176391654417600EC2B7A /* Cesarean Section.pdf */ = {isa = PBXFileReference; lastKnownFileType = image.pdf; path = "Cesarean Section.pdf"; sourceTree = "<group>"; };
		3121763A1654417600EC2B7A /* Dilation and Evacuation.pdf */ = {isa = PBXFileReference; lastKnownFileType = image.pdf; path = "Dilation and Evacuation.pdf"; sourceTree = "<group>"; };
		3121763B1654417600EC2B7A /* McDonald Cerclage.pdf */ = {isa = PBXFileReference; lastKnownFileType = image.pdf; path = "McDonald Cerclage.pdf"; sourceTree = "<group>"; };
		3121763C1654417600EC2B7A /* Post Partum BTL.pdf */ = {isa = PBXFileReference; lastKnownFileType = image.pdf; path = "Post Partum BTL.pdf"; sourceTree = "<group>"; };
		3121763E1654417600EC2B7A /* Anterior and Posterior Colporrhaphy.pdf */ = {isa = PBXFileReference; lastKnownFileType = image.pdf; path = "Anterior and Posterior Colporrhaphy.pdf"; sourceTree = "<group>"; };
		3121763F1654417600EC2B7A /* Anterior colporrhaphy and Cystourethroscopy.pdf */ = {isa = PBXFileReference; lastKnownFileType = image.pdf; path = "Anterior colporrhaphy and Cystourethroscopy.pdf"; sourceTree = "<group>"; };
		312176401654417600EC2B7A /* Anterior Colporrhaphy and Midurethral Sling.pdf */ = {isa = PBXFileReference; lastKnownFileType = image.pdf; path = "Anterior Colporrhaphy and Midurethral Sling.pdf"; sourceTree = "<group>"; };
		312176411654417600EC2B7A /* Anterior colporrhaphy midurethral sling with Bard ALIGN and cystourethroscopy.pdf */ = {isa = PBXFileReference; lastKnownFileType = image.pdf; path = "Anterior colporrhaphy midurethral sling with Bard ALIGN and cystourethroscopy.pdf"; sourceTree = "<group>"; };
		312176421654417600EC2B7A /* Bard Align midurethral mesh sling and cystourethroscopy.pdf */ = {isa = PBXFileReference; lastKnownFileType = image.pdf; path = "Bard Align midurethral mesh sling and cystourethroscopy.pdf"; sourceTree = "<group>"; };
		3121765E1654423900EC2B7A /* Robotic Assisted TLH|BSO.pdf */ = {isa = PBXFileReference; lastKnownFileType = image.pdf; path = "Robotic Assisted TLH|BSO.pdf"; sourceTree = "<group>"; };
		312176601654426800EC2B7A /* TAH and TAH|BSO.pdf */ = {isa = PBXFileReference; lastKnownFileType = image.pdf; path = "TAH and TAH|BSO.pdf"; sourceTree = "<group>"; };
		3121766616569AA500EC2B7A /* Default.png */ = {isa = PBXFileReference; lastKnownFileType = image.png; path = Default.png; sourceTree = "<group>"; };
		3131F0FD1652F9A900177DB9 /* DictationTemplatesController.h */ = {isa = PBXFileReference; fileEncoding = 4; lastKnownFileType = sourcecode.c.h; path = DictationTemplatesController.h; sourceTree = "<group>"; };
		3131F0FE1652F9A900177DB9 /* DictationTemplatesController.m */ = {isa = PBXFileReference; fileEncoding = 4; lastKnownFileType = sourcecode.c.objc; path = DictationTemplatesController.m; sourceTree = "<group>"; };
		3131F1001652FB9800177DB9 /* DTSectionController.h */ = {isa = PBXFileReference; fileEncoding = 4; lastKnownFileType = sourcecode.c.h; path = DTSectionController.h; sourceTree = "<group>"; };
		3131F1011652FB9800177DB9 /* DTSectionController.m */ = {isa = PBXFileReference; fileEncoding = 4; lastKnownFileType = sourcecode.c.objc; path = DTSectionController.m; sourceTree = "<group>"; };
		3131F13F165335CF00177DB9 /* ContactsController.h */ = {isa = PBXFileReference; fileEncoding = 4; lastKnownFileType = sourcecode.c.h; path = ContactsController.h; sourceTree = "<group>"; };
		3131F140165335D100177DB9 /* ContactsController.m */ = {isa = PBXFileReference; fileEncoding = 4; lastKnownFileType = sourcecode.c.objc; path = ContactsController.m; sourceTree = "<group>"; };
		314ED6D0162F61E2001A6F01 /* CallController.h */ = {isa = PBXFileReference; fileEncoding = 4; lastKnownFileType = sourcecode.c.h; path = CallController.h; sourceTree = "<group>"; };
		314ED6D1162F61E2001A6F01 /* CallController.m */ = {isa = PBXFileReference; fileEncoding = 4; lastKnownFileType = sourcecode.c.objc; path = CallController.m; sourceTree = "<group>"; };
		314ED6DA1630A2D9001A6F01 /* PagerController.h */ = {isa = PBXFileReference; fileEncoding = 4; lastKnownFileType = sourcecode.c.h; path = PagerController.h; sourceTree = "<group>"; };
		314ED6DB1630A2D9001A6F01 /* PagerController.m */ = {isa = PBXFileReference; fileEncoding = 4; lastKnownFileType = sourcecode.c.objc; path = PagerController.m; sourceTree = "<group>"; };
		314ED6E01630ADE5001A6F01 /* HomeController.h */ = {isa = PBXFileReference; fileEncoding = 4; lastKnownFileType = sourcecode.c.h; name = HomeController.h; path = ../HomeController.h; sourceTree = "<group>"; };
		314ED6E11630ADE5001A6F01 /* HomeController.m */ = {isa = PBXFileReference; fileEncoding = 4; lastKnownFileType = sourcecode.c.objc; name = HomeController.m; path = ../HomeController.m; sourceTree = "<group>"; };
		314ED6E31630B191001A6F01 /* ORController.h */ = {isa = PBXFileReference; fileEncoding = 4; lastKnownFileType = sourcecode.c.h; path = ORController.h; sourceTree = "<group>"; };
		314ED6E41630B192001A6F01 /* ORController.m */ = {isa = PBXFileReference; fileEncoding = 4; lastKnownFileType = sourcecode.c.objc; path = ORController.m; sourceTree = "<group>"; };
		314ED6E61630B1AC001A6F01 /* CrossCoverController.h */ = {isa = PBXFileReference; fileEncoding = 4; lastKnownFileType = sourcecode.c.h; path = CrossCoverController.h; sourceTree = "<group>"; };
		314ED6E71630B1AC001A6F01 /* CrossCoverController.m */ = {isa = PBXFileReference; fileEncoding = 4; lastKnownFileType = sourcecode.c.objc; path = CrossCoverController.m; sourceTree = "<group>"; };
		3175560C1659B1AA00147685 /* en */ = {isa = PBXFileReference; lastKnownFileType = file.storyboard; name = en; path = MDAssistant/en.lproj/MainStoryboard.storyboard; sourceTree = "<group>"; };
		3175560E1659BF0D00147685 /* Resident Handbook Final3.pdf */ = {isa = PBXFileReference; lastKnownFileType = image.pdf; path = "Resident Handbook Final3.pdf"; sourceTree = "<group>"; };
		31A5B70D1622138600B6ECCA /* settings.png */ = {isa = PBXFileReference; lastKnownFileType = image.png; path = settings.png; sourceTree = "<group>"; };
		31F564D5162228E300D59659 /* PDFViewController.h */ = {isa = PBXFileReference; fileEncoding = 4; lastKnownFileType = sourcecode.c.h; path = PDFViewController.h; sourceTree = "<group>"; };
		31F564D6162228E300D59659 /* PDFViewController.m */ = {isa = PBXFileReference; fileEncoding = 4; lastKnownFileType = sourcecode.c.objc; path = PDFViewController.m; sourceTree = "<group>"; };
		86D9FF701659BD0D00A02B88 /* Resident Handbook Final3.pdf */ = {isa = PBXFileReference; lastKnownFileType = image.pdf; name = "Resident Handbook Final3.pdf"; path = "MD_Assistant_Images/Resident Handbook Final3.pdf"; sourceTree = "<group>"; };
		CE840AFD1654453200E1C240 /* Default-568h@2x.png */ = {isa = PBXFileReference; lastKnownFileType = image.png; path = "Default-568h@2x.png"; sourceTree = "<group>"; };
/* End PBXFileReference section */

/* Begin PBXFrameworksBuildPhase section */
		31058A161607F83900A9AC72 /* Frameworks */ = {
			isa = PBXFrameworksBuildPhase;
			buildActionMask = 2147483647;
			files = (
				31058A1E1607F83900A9AC72 /* UIKit.framework in Frameworks */,
				31058A201607F83900A9AC72 /* Foundation.framework in Frameworks */,
				31058A221607F83900A9AC72 /* CoreGraphics.framework in Frameworks */,
			);
			runOnlyForDeploymentPostprocessing = 0;
		};
/* End PBXFrameworksBuildPhase section */

/* Begin PBXGroup section */
		31058A0E1607F83900A9AC72 = {
			isa = PBXGroup;
			children = (
				3121766616569AA500EC2B7A /* Default.png */,
				31058A231607F83900A9AC72 /* MDAssistant */,
				31058A1C1607F83900A9AC72 /* Frameworks */,
				31058A1A1607F83900A9AC72 /* Products */,
			);
			sourceTree = "<group>";
		};
		31058A1A1607F83900A9AC72 /* Products */ = {
			isa = PBXGroup;
			children = (
				31058A191607F83900A9AC72 /* MDAssistant.app */,
			);
			name = Products;
			sourceTree = "<group>";
		};
		31058A1C1607F83900A9AC72 /* Frameworks */ = {
			isa = PBXGroup;
			children = (
				31058A1D1607F83900A9AC72 /* UIKit.framework */,
				31058A1F1607F83900A9AC72 /* Foundation.framework */,
				31058A211607F83900A9AC72 /* CoreGraphics.framework */,
			);
			name = Frameworks;
			sourceTree = "<group>";
		};
		31058A231607F83900A9AC72 /* MDAssistant */ = {
			isa = PBXGroup;
			children = (
				86D9FF701659BD0D00A02B88 /* Resident Handbook Final3.pdf */,
				312176621654439400EC2B7A /* Resident Handbook Final2.pdf */,
				314ED6E01630ADE5001A6F01 /* HomeController.h */,
				314ED6E11630ADE5001A6F01 /* HomeController.m */,
				314ED6E31630B191001A6F01 /* ORController.h */,
				314ED6E41630B192001A6F01 /* ORController.m */,
				314ED6E61630B1AC001A6F01 /* CrossCoverController.h */,
				314ED6E71630B1AC001A6F01 /* CrossCoverController.m */,
				314ED6DA1630A2D9001A6F01 /* PagerController.h */,
				314ED6DB1630A2D9001A6F01 /* PagerController.m */,
				31122EA51624C4BD0052590F /* ScheduleController.h */,
				31122EA61624C4BD0052590F /* ScheduleController.m */,
				31058A2C1607F83900A9AC72 /* AppDelegate.h */,
				31058A2D1607F83900A9AC72 /* AppDelegate.m */,
				31058A391607F83900A9AC72 /* SettingsController.h */,
				31058A3A1607F83900A9AC72 /* SettingsController.m */,
				312176241654417600EC2B7A /* Dictations */,
				31058A7B16175CFA00A9AC72 /* MD_Assistant_Images */,
				31058A241607F83900A9AC72 /* Supporting Files */,
				31F564D5162228E300D59659 /* PDFViewController.h */,
				31F564D6162228E300D59659 /* PDFViewController.m */,
				314ED6D0162F61E2001A6F01 /* CallController.h */,
				314ED6D1162F61E2001A6F01 /* CallController.m */,
				3131F0FD1652F9A900177DB9 /* DictationTemplatesController.h */,
				3131F0FE1652F9A900177DB9 /* DictationTemplatesController.m */,
				3131F1001652FB9800177DB9 /* DTSectionController.h */,
				3131F1011652FB9800177DB9 /* DTSectionController.m */,
				3131F13F165335CF00177DB9 /* ContactsController.h */,
				3131F140165335D100177DB9 /* ContactsController.m */,
			);
			path = MDAssistant;
			sourceTree = "<group>";
		};
		31058A241607F83900A9AC72 /* Supporting Files */ = {
			isa = PBXGroup;
			children = (
				31058A251607F83900A9AC72 /* MDAssistant-Info.plist */,
				31058A261607F83900A9AC72 /* InfoPlist.strings */,
				31058A291607F83900A9AC72 /* main.m */,
				31058A2B1607F83900A9AC72 /* MDAssistant-Prefix.pch */,
			);
			name = "Supporting Files";
			sourceTree = "<group>";
		};
		31058A7B16175CFA00A9AC72 /* MD_Assistant_Images */ = {
			isa = PBXGroup;
			children = (
				312175E31653FDEC00EC2B7A /* book2.png */,
				312175E11653FDDB00EC2B7A /* mic.png */,
				31A5B70D1622138600B6ECCA /* settings.png */,
				31058A7F16175CFA00A9AC72 /* address_book.png */,
				31058A8216175CFA00A9AC72 /* application_vnd_oasis_opendocument_formula.png */,
				31058A8316175CFA00A9AC72 /* book.png */,
				31058A8416175CFA00A9AC72 /* calculator.png */,
				31058A8516175CFA00A9AC72 /* calendar.png */,
				31058A8616175CFA00A9AC72 /* calendar_month.png */,
				31058A8716175CFA00A9AC72 /* contact.png */,
				31058A8916175CFA00A9AC72 /* formula.png */,
				31058A8C16175CFA00A9AC72 /* knife.png */,
				31058A8D16175CFA00A9AC72 /* MD_Assistant_Logo.png */,
				31058A9016175CFA00A9AC72 /* office_calendar.png */,
				31058A9216175CFA00A9AC72 /* pager.png */,
				31058A9316175CFA00A9AC72 /* pager2.png */,
				31058A9416175CFA00A9AC72 /* pager3.png */,
				31058A9516175CFA00A9AC72 /* phone 2.png */,
				31058A9616175CFA00A9AC72 /* phone.png */,
				31058A9716175CFA00A9AC72 /* scalpel.png */,
				31058A9816175CFA00A9AC72 /* Screen Shot 2012-09-19 at 2.42.39 PM.png */,
				31058A9916175CFA00A9AC72 /* Screen Shot 2012-09-19 at 2.46.27 PM.png */,
				31058A9A16175CFA00A9AC72 /* Screen Shot 2012-09-19 at 2.48.39 PM.png */,
				31058A9B16175CFA00A9AC72 /* symbol.png */,
				31058A9C16175CFA00A9AC72 /* symbol_check.png */,
				31058A9D16175CFA00A9AC72 /* system_help.png */,
			);
			path = MD_Assistant_Images;
			sourceTree = "<group>";
		};
		312176241654417600EC2B7A /* Dictations */ = {
			isa = PBXGroup;
			children = (
				312176251654417600EC2B7A /* Gynecology */,
				312176381654417600EC2B7A /* Obstetrics */,
				3121763D1654417600EC2B7A /* UroGynecology */,
			);
			path = Dictations;
			sourceTree = "<group>";
		};
		312176251654417600EC2B7A /* Gynecology */ = {
			isa = PBXGroup;
			children = (
				312176261654417600EC2B7A /* Abdominal Myomectomy.pdf */,
				312176601654426800EC2B7A /* TAH and TAH|BSO.pdf */,
				3121765E1654423900EC2B7A /* Robotic Assisted TLH|BSO.pdf */,
				312176271654417600EC2B7A /* BETA BOOK CONSULTATON REPORT.pdf */,
				312176281654417600EC2B7A /* Cold Knife Cone and Skinning Vulvectomy.pdf */,
				312176291654417600EC2B7A /* Cold Knife Conization.pdf */,
				3121762A1654417600EC2B7A /* Diagnostic Laparoscopy for Ectopic Pregnancy.pdf */,
				3121762B1654417600EC2B7A /* Discharge Summary.pdf */,
				3121762C1654417600EC2B7A /* Essure.pdf */,
				3121762D1654417600EC2B7A /* Hydrothermal Ablation.pdf */,
				3121762E1654417600EC2B7A /* Hysteroscopy Dilation and Curettage.pdf */,
				3121762F1654417600EC2B7A /* Laparoscopic BTL.pdf */,
				312176301654417600EC2B7A /* LEEP.pdf */,
				312176311654417600EC2B7A /* Partial Vulvectomy.pdf */,
				312176331654417600EC2B7A /* Sentinel Node Dissection.pdf */,
				312176341654417600EC2B7A /* Suction Dilation and Curettage.pdf */,
				312176361654417600EC2B7A /* Total Laparoscopic Hysterectomy.pdf */,
				312176371654417600EC2B7A /* Total Vaginal Hysterectomy.pdf */,
			);
			path = Gynecology;
			sourceTree = "<group>";
		};
		312176381654417600EC2B7A /* Obstetrics */ = {
			isa = PBXGroup;
			children = (
				312176391654417600EC2B7A /* Cesarean Section.pdf */,
				3121763A1654417600EC2B7A /* Dilation and Evacuation.pdf */,
				3121763B1654417600EC2B7A /* McDonald Cerclage.pdf */,
				3121763C1654417600EC2B7A /* Post Partum BTL.pdf */,
			);
			path = Obstetrics;
			sourceTree = "<group>";
		};
		3121763D1654417600EC2B7A /* UroGynecology */ = {
			isa = PBXGroup;
			children = (
				3121763E1654417600EC2B7A /* Anterior and Posterior Colporrhaphy.pdf */,
				3121763F1654417600EC2B7A /* Anterior colporrhaphy and Cystourethroscopy.pdf */,
				312176401654417600EC2B7A /* Anterior Colporrhaphy and Midurethral Sling.pdf */,
				312176411654417600EC2B7A /* Anterior colporrhaphy midurethral sling with Bard ALIGN and cystourethroscopy.pdf */,
				312176421654417600EC2B7A /* Bard Align midurethral mesh sling and cystourethroscopy.pdf */,
			);
			path = UroGynecology;
			sourceTree = "<group>";
		};
/* End PBXGroup section */

/* Begin PBXNativeTarget section */
		31058A181607F83900A9AC72 /* MDAssistant */ = {
			isa = PBXNativeTarget;
			buildConfigurationList = 31058A421607F83900A9AC72 /* Build configuration list for PBXNativeTarget "MDAssistant" */;
			buildPhases = (
				31058A151607F83900A9AC72 /* Sources */,
				31058A161607F83900A9AC72 /* Frameworks */,
				31058A171607F83900A9AC72 /* Resources */,
			);
			buildRules = (
			);
			dependencies = (
			);
			name = MDAssistant;
			productName = MDAssistant;
			productReference = 31058A191607F83900A9AC72 /* MDAssistant.app */;
			productType = "com.apple.product-type.application";
		};
/* End PBXNativeTarget section */

/* Begin PBXProject section */
		31058A101607F83900A9AC72 /* Project object */ = {
			isa = PBXProject;
			attributes = {
				LastUpgradeCheck = 0440;
				ORGANIZATIONNAME = "guest user";
			};
			buildConfigurationList = 31058A131607F83900A9AC72 /* Build configuration list for PBXProject "MDAssistant" */;
			compatibilityVersion = "Xcode 3.2";
			developmentRegion = English;
			hasScannedForEncodings = 0;
			knownRegions = (
				en,
			);
			mainGroup = 31058A0E1607F83900A9AC72;
			productRefGroup = 31058A1A1607F83900A9AC72 /* Products */;
			projectDirPath = "";
			projectRoot = "";
			targets = (
				31058A181607F83900A9AC72 /* MDAssistant */,
			);
		};
/* End PBXProject section */

/* Begin PBXResourcesBuildPhase section */
		31058A171607F83900A9AC72 /* Resources */ = {
			isa = PBXResourcesBuildPhase;
			buildActionMask = 2147483647;
			files = (
				31058A281607F83900A9AC72 /* InfoPlist.strings in Resources */,
				31058AA116175CFA00A9AC72 /* address_book.png in Resources */,
				31058AA416175CFA00A9AC72 /* application_vnd_oasis_opendocument_formula.png in Resources */,
				31058AA516175CFA00A9AC72 /* book.png in Resources */,
				31058AA616175CFA00A9AC72 /* calculator.png in Resources */,
				31058AA716175CFA00A9AC72 /* calendar.png in Resources */,
				31058AA816175CFA00A9AC72 /* calendar_month.png in Resources */,
				31058AA916175CFA00A9AC72 /* contact.png in Resources */,
				31058AAB16175CFA00A9AC72 /* formula.png in Resources */,
				31058AAE16175CFA00A9AC72 /* knife.png in Resources */,
				31058AAF16175CFA00A9AC72 /* MD_Assistant_Logo.png in Resources */,
				31058AB216175CFA00A9AC72 /* office_calendar.png in Resources */,
				31058AB416175CFA00A9AC72 /* pager.png in Resources */,
				31058AB516175CFA00A9AC72 /* pager2.png in Resources */,
				31058AB616175CFA00A9AC72 /* pager3.png in Resources */,
				86D9FF6B1659B43700A02B88 /* book2.png in Resources */,
				86D9FF6C1659B43B00A02B88 /* mic.png in Resources */,
				CED012E71654043B00F0B059 /* (null) in Resources */,
				86D9FF6D1659B45500A02B88 /* Resident Handbook Final2.pdf in Resources */,
				CED012E91654043F00F0B059 /* (null) in Resources */,
				31058AB716175CFA00A9AC72 /* phone 2.png in Resources */,
				31058AB816175CFA00A9AC72 /* phone.png in Resources */,
				31058AB916175CFA00A9AC72 /* scalpel.png in Resources */,
				31058ABA16175CFA00A9AC72 /* Screen Shot 2012-09-19 at 2.42.39 PM.png in Resources */,
				31058ABB16175CFA00A9AC72 /* Screen Shot 2012-09-19 at 2.46.27 PM.png in Resources */,
				31058ABC16175CFA00A9AC72 /* Screen Shot 2012-09-19 at 2.48.39 PM.png in Resources */,
				31058ABD16175CFA00A9AC72 /* symbol.png in Resources */,
				31058ABE16175CFA00A9AC72 /* symbol_check.png in Resources */,
				31058ABF16175CFA00A9AC72 /* system_help.png in Resources */,
				31A5B70E1622138600B6ECCA /* settings.png in Resources */,
				312176431654417600EC2B7A /* Abdominal Myomectomy.pdf in Resources */,
				312176441654417600EC2B7A /* BETA BOOK CONSULTATON REPORT.pdf in Resources */,
				312176451654417600EC2B7A /* Cold Knife Cone and Skinning Vulvectomy.pdf in Resources */,
				312176461654417600EC2B7A /* Cold Knife Conization.pdf in Resources */,
				312176471654417600EC2B7A /* Diagnostic Laparoscopy for Ectopic Pregnancy.pdf in Resources */,
				312176481654417600EC2B7A /* Discharge Summary.pdf in Resources */,
				312176491654417600EC2B7A /* Essure.pdf in Resources */,
				3121764A1654417600EC2B7A /* Hydrothermal Ablation.pdf in Resources */,
				3121764B1654417600EC2B7A /* Hysteroscopy Dilation and Curettage.pdf in Resources */,
				3121764C1654417600EC2B7A /* Laparoscopic BTL.pdf in Resources */,
				3121764D1654417600EC2B7A /* LEEP.pdf in Resources */,
				3121764E1654417600EC2B7A /* Partial Vulvectomy.pdf in Resources */,
				312176501654417600EC2B7A /* Sentinel Node Dissection.pdf in Resources */,
				312176511654417600EC2B7A /* Suction Dilation and Curettage.pdf in Resources */,
				312176531654417600EC2B7A /* Total Laparoscopic Hysterectomy.pdf in Resources */,
				312176541654417600EC2B7A /* Total Vaginal Hysterectomy.pdf in Resources */,
				312176551654417600EC2B7A /* Cesarean Section.pdf in Resources */,
				312176561654417600EC2B7A /* Dilation and Evacuation.pdf in Resources */,
				312176571654417600EC2B7A /* McDonald Cerclage.pdf in Resources */,
				312176581654417600EC2B7A /* Post Partum BTL.pdf in Resources */,
				312176591654417600EC2B7A /* Anterior and Posterior Colporrhaphy.pdf in Resources */,
				3121765A1654417600EC2B7A /* Anterior colporrhaphy and Cystourethroscopy.pdf in Resources */,
				3121765B1654417600EC2B7A /* Anterior Colporrhaphy and Midurethral Sling.pdf in Resources */,
				3121765C1654417600EC2B7A /* Anterior colporrhaphy midurethral sling with Bard ALIGN and cystourethroscopy.pdf in Resources */,
				3121765D1654417600EC2B7A /* Bard Align midurethral mesh sling and cystourethroscopy.pdf in Resources */,
				3121765F1654423900EC2B7A /* Robotic Assisted TLH|BSO.pdf in Resources */,
				312176611654426800EC2B7A /* TAH and TAH|BSO.pdf in Resources */,
				CE840AFB165444A600E1C240 /* Default.png in Resources */,
				CE840AFE1654453200E1C240 /* Default-568h@2x.png in Resources */,
				86D9FF711659BD0E00A02B88 /* Resident Handbook Final3.pdf in Resources */,
			);
			runOnlyForDeploymentPostprocessing = 0;
		};
/* End PBXResourcesBuildPhase section */

/* Begin PBXSourcesBuildPhase section */
		31058A151607F83900A9AC72 /* Sources */ = {
			isa = PBXSourcesBuildPhase;
			buildActionMask = 2147483647;
			files = (
				31058A2A1607F83900A9AC72 /* main.m in Sources */,
				31058A2E1607F83900A9AC72 /* AppDelegate.m in Sources */,
				31058A3B1607F83900A9AC72 /* SettingsController.m in Sources */,
				31F564D7162228E300D59659 /* PDFViewController.m in Sources */,
				31122EA71624C4BD0052590F /* ScheduleController.m in Sources */,
				314ED6D3162F61E2001A6F01 /* CallController.m in Sources */,
				314ED6DC1630A2DA001A6F01 /* PagerController.m in Sources */,
				314ED6E21630ADE5001A6F01 /* HomeController.m in Sources */,
				314ED6E51630B192001A6F01 /* ORController.m in Sources */,
				314ED6E81630B1AC001A6F01 /* CrossCoverController.m in Sources */,
				3131F0FF1652F9A900177DB9 /* DictationTemplatesController.m in Sources */,
				3131F1021652FB9800177DB9 /* DTSectionController.m in Sources */,
				3131F141165335D200177DB9 /* ContactsController.m in Sources */,
			);
			runOnlyForDeploymentPostprocessing = 0;
		};
/* End PBXSourcesBuildPhase section */

/* Begin PBXVariantGroup section */
		31058A261607F83900A9AC72 /* InfoPlist.strings */ = {
			isa = PBXVariantGroup;
			children = (
				31058A271607F83900A9AC72 /* en */,
			);
			name = InfoPlist.strings;
			sourceTree = "<group>";
		};
		3175560B1659B1AA00147685 /* MainStoryboard.storyboard */ = {
			isa = PBXVariantGroup;
			children = (
				3175560C1659B1AA00147685 /* en */,
			);
			name = MainStoryboard.storyboard;
			path = ..;
			sourceTree = "<group>";
		};
/* End PBXVariantGroup section */

/* Begin XCBuildConfiguration section */
		31058A401607F83900A9AC72 /* Debug */ = {
			isa = XCBuildConfiguration;
			buildSettings = {
				ALWAYS_SEARCH_USER_PATHS = NO;
				ARCHS = "$(ARCHS_STANDARD_32_BIT)";
				CLANG_CXX_LANGUAGE_STANDARD = "gnu++0x";
				CLANG_ENABLE_OBJC_ARC = YES;
				CLANG_WARN__DUPLICATE_METHOD_MATCH = YES;
				"CODE_SIGN_IDENTITY[sdk=iphoneos*]" = "iPhone Developer";
				COPY_PHASE_STRIP = NO;
				GCC_C_LANGUAGE_STANDARD = gnu99;
				GCC_DYNAMIC_NO_PIC = NO;
				GCC_OPTIMIZATION_LEVEL = 0;
				GCC_PREPROCESSOR_DEFINITIONS = (
					"DEBUG=1",
					"$(inherited)",
				);
				GCC_SYMBOLS_PRIVATE_EXTERN = NO;
				GCC_VERSION = com.apple.compilers.llvm.clang.1_0;
				GCC_WARN_ABOUT_RETURN_TYPE = YES;
				GCC_WARN_UNINITIALIZED_AUTOS = YES;
				GCC_WARN_UNUSED_VARIABLE = YES;
				IPHONEOS_DEPLOYMENT_TARGET = 5.1;
				SDKROOT = iphoneos;
			};
			name = Debug;
		};
		31058A411607F83900A9AC72 /* Release */ = {
			isa = XCBuildConfiguration;
			buildSettings = {
				ALWAYS_SEARCH_USER_PATHS = NO;
				ARCHS = "$(ARCHS_STANDARD_32_BIT)";
				CLANG_CXX_LANGUAGE_STANDARD = "gnu++0x";
				CLANG_ENABLE_OBJC_ARC = YES;
				CLANG_WARN__DUPLICATE_METHOD_MATCH = YES;
				"CODE_SIGN_IDENTITY[sdk=iphoneos*]" = "iPhone Developer";
				COPY_PHASE_STRIP = YES;
				GCC_C_LANGUAGE_STANDARD = gnu99;
				GCC_VERSION = com.apple.compilers.llvm.clang.1_0;
				GCC_WARN_ABOUT_RETURN_TYPE = YES;
				GCC_WARN_UNINITIALIZED_AUTOS = YES;
				GCC_WARN_UNUSED_VARIABLE = YES;
				IPHONEOS_DEPLOYMENT_TARGET = 5.1;
				OTHER_CFLAGS = "-DNS_BLOCK_ASSERTIONS=1";
				SDKROOT = iphoneos;
				VALIDATE_PRODUCT = YES;
			};
			name = Release;
		};
		31058A431607F83900A9AC72 /* Debug */ = {
			isa = XCBuildConfiguration;
			buildSettings = {
				CODE_SIGN_IDENTITY = "iPhone Developer: Gideon ROSENTHAL (77766H2W8B)";
				"CODE_SIGN_IDENTITY[sdk=iphoneos*]" = "iPhone Developer: Gideon ROSENTHAL (77766H2W8B)";
				GCC_PRECOMPILE_PREFIX_HEADER = YES;
				GCC_PREFIX_HEADER = "MDAssistant/MDAssistant-Prefix.pch";
				INFOPLIST_FILE = "MDAssistant/MDAssistant-Info.plist";
				PRODUCT_NAME = "$(TARGET_NAME)";
				PROVISIONING_PROFILE = "7D438B99-1A56-4E66-BB84-E3E391D61A50";
				"PROVISIONING_PROFILE[sdk=iphoneos*]" = "7D438B99-1A56-4E66-BB84-E3E391D61A50";
				WRAPPER_EXTENSION = app;
			};
			name = Debug;
		};
		31058A441607F83900A9AC72 /* Release */ = {
			isa = XCBuildConfiguration;
			buildSettings = {
				CODE_SIGN_IDENTITY = "iPhone Developer";
				GCC_PRECOMPILE_PREFIX_HEADER = YES;
				GCC_PREFIX_HEADER = "MDAssistant/MDAssistant-Prefix.pch";
				INFOPLIST_FILE = "MDAssistant/MDAssistant-Info.plist";
				PRODUCT_NAME = "$(TARGET_NAME)";
				PROVISIONING_PROFILE = "";
				WRAPPER_EXTENSION = app;
			};
			name = Release;
		};
/* End XCBuildConfiguration section */

/* Begin XCConfigurationList section */
		31058A131607F83900A9AC72 /* Build configuration list for PBXProject "MDAssistant" */ = {
			isa = XCConfigurationList;
			buildConfigurations = (
				31058A401607F83900A9AC72 /* Debug */,
				31058A411607F83900A9AC72 /* Release */,
			);
			defaultConfigurationIsVisible = 0;
			defaultConfigurationName = Release;
		};
		31058A421607F83900A9AC72 /* Build configuration list for PBXNativeTarget "MDAssistant" */ = {
			isa = XCConfigurationList;
			buildConfigurations = (
				31058A431607F83900A9AC72 /* Debug */,
				31058A441607F83900A9AC72 /* Release */,
			);
			defaultConfigurationIsVisible = 0;
			defaultConfigurationName = Release;
		};
/* End XCConfigurationList section */
	};
	rootObject = 31058A101607F83900A9AC72 /* Project object */;
}
